{
  "object": {
    "pins": [
      {
        "package": "Bugsnag",
        "repositoryURL": "https://github.com/bugsnag/bugsnag-cocoa",
        "state": {
          "branch": null,
          "revision": "981cc251cc8006b1291533258293e3431d620ae1",
          "version": "6.9.1"
        }
      },
      {
        "package": "Injectable",
        "repositoryURL": "https://github.com/mmaheo/Injectable.git",
        "state": {
          "branch": null,
          "revision": "2a46831546c74e9f7edf1bc9f36ae7c9691ebc84",
          "version": "1.0.0"
        }
      },
      {
        "package": "Purchases",
        "repositoryURL": "https://github.com/RevenueCat/purchases-ios.git",
        "state": {
          "branch": null,
          "revision": "2811b25d8f275429e5d001e3990426ebba5147f4",
          "version": "3.11.1"
        }
      }
    ]
  },
  "version": 1
}
