// !$*UTF8*$!
{
	archiveVersion = 1;
	classes = {
	};
	objectVersion = 52;
	objects = {

/* Begin PBXBuildFile section */
		5247DDC3256AFB3000FD1EF9 /* SimpleWeatherApp.swift in Sources */ = {isa = PBXBuildFile; fileRef = 5247DDC2256AFB3000FD1EF9 /* SimpleWeatherApp.swift */; };
		5247DDC5256AFB3000FD1EF9 /* ForecastView.swift in Sources */ = {isa = PBXBuildFile; fileRef = 5247DDC4256AFB3000FD1EF9 /* ForecastView.swift */; };
		5247DDC7256AFB3100FD1EF9 /* Assets.xcassets in Resources */ = {isa = PBXBuildFile; fileRef = 5247DDC6256AFB3100FD1EF9 /* Assets.xcassets */; };
		5247DDCA256AFB3200FD1EF9 /* Preview Assets.xcassets in Resources */ = {isa = PBXBuildFile; fileRef = 5247DDC9256AFB3200FD1EF9 /* Preview Assets.xcassets */; };
		52679873256C065600E2132B /* TimelaneCombine in Frameworks */ = {isa = PBXBuildFile; productRef = 52679872256C065600E2132B /* TimelaneCombine */; };
		52679878256C072100E2132B /* ForecastViewTests.swift in Sources */ = {isa = PBXBuildFile; fileRef = 52679877256C072100E2132B /* ForecastViewTests.swift */; };
		52B6259C256E4D1E00CDBBDA /* String+FirstLetterCapitalized.swift in Sources */ = {isa = PBXBuildFile; fileRef = 52B6259B256E4D1E00CDBBDA /* String+FirstLetterCapitalized.swift */; };
		52B625A1256E4D4E00CDBBDA /* StringFirstLetterCapitalized.swift in Sources */ = {isa = PBXBuildFile; fileRef = 52B625A0256E4D4E00CDBBDA /* StringFirstLetterCapitalized.swift */; };
		52C5D4D5256BD5510088B72B /* HourlyWeatherComponent.swift in Sources */ = {isa = PBXBuildFile; fileRef = 52C5D4D4256BD5510088B72B /* HourlyWeatherComponent.swift */; };
		52C5D4DE256BD5F20088B72B /* Date+Format.swift in Sources */ = {isa = PBXBuildFile; fileRef = 52C5D4DD256BD5F20088B72B /* Date+Format.swift */; };
		52C5D4E6256BD61E0088B72B /* Locale+Language.swift in Sources */ = {isa = PBXBuildFile; fileRef = 52C5D4E5256BD61E0088B72B /* Locale+Language.swift */; };
		52C5D4EC256BD6600088B72B /* LocaleLanguageTests.swift in Sources */ = {isa = PBXBuildFile; fileRef = 52C5D4EB256BD6600088B72B /* LocaleLanguageTests.swift */; };
		52C5D4F7256BD6B10088B72B /* DateFormatTests.swift in Sources */ = {isa = PBXBuildFile; fileRef = 52C5D4F6256BD6B10088B72B /* DateFormatTests.swift */; };
		52C5D50E256BE5620088B72B /* DailyWeatherComponent.swift in Sources */ = {isa = PBXBuildFile; fileRef = 52C5D50D256BE5620088B72B /* DailyWeatherComponent.swift */; };
		52EF7DFD256BA07C00A06613 /* ForecastStore.swift in Sources */ = {isa = PBXBuildFile; fileRef = 52EF7DFC256BA07C00A06613 /* ForecastStore.swift */; };
		52EF7E03256BA32200A06613 /* Forecast.swift in Sources */ = {isa = PBXBuildFile; fileRef = 52EF7E02256BA32200A06613 /* Forecast.swift */; };
		52EF7E09256BA44A00A06613 /* ForecastStoreTests.swift in Sources */ = {isa = PBXBuildFile; fileRef = 52EF7E08256BA44A00A06613 /* ForecastStoreTests.swift */; };
		52EF7E1A256BA72100A06613 /* Injectable in Frameworks */ = {isa = PBXBuildFile; productRef = 52EF7E19256BA72100A06613 /* Injectable */; };
		52EF7E1F256BA72F00A06613 /* ForecastService.swift in Sources */ = {isa = PBXBuildFile; fileRef = 52EF7E1E256BA72F00A06613 /* ForecastService.swift */; };
		52EF7E24256BA75B00A06613 /* AppDependency.swift in Sources */ = {isa = PBXBuildFile; fileRef = 52EF7E23256BA75B00A06613 /* AppDependency.swift */; };
		52EF7E2D256BAFC000A06613 /* ForecastServiceTests.swift in Sources */ = {isa = PBXBuildFile; fileRef = 52EF7E2C256BAFC000A06613 /* ForecastServiceTests.swift */; };
		52EF7E37256BBDA800A06613 /* CurrentlyWeatherComponent.swift in Sources */ = {isa = PBXBuildFile; fileRef = 52EF7E36256BBDA800A06613 /* CurrentlyWeatherComponent.swift */; };
		52EF7E3F256BBDF400A06613 /* WeatherIconComponent.swift in Sources */ = {isa = PBXBuildFile; fileRef = 52EF7E3E256BBDF400A06613 /* WeatherIconComponent.swift */; };
		52EF7E45256BC02600A06613 /* ForecastTests.swift in Sources */ = {isa = PBXBuildFile; fileRef = 52EF7E44256BC02600A06613 /* ForecastTests.swift */; };
/* End PBXBuildFile section */

/* Begin PBXContainerItemProxy section */
		5247DDD1256AFB3200FD1EF9 /* PBXContainerItemProxy */ = {
			isa = PBXContainerItemProxy;
			containerPortal = 5247DDB7256AFB3000FD1EF9 /* Project object */;
			proxyType = 1;
			remoteGlobalIDString = 5247DDBE256AFB3000FD1EF9;
			remoteInfo = SimpleWeather;
		};
		5247DDDC256AFB3200FD1EF9 /* PBXContainerItemProxy */ = {
			isa = PBXContainerItemProxy;
			containerPortal = 5247DDB7256AFB3000FD1EF9 /* Project object */;
			proxyType = 1;
			remoteGlobalIDString = 5247DDBE256AFB3000FD1EF9;
			remoteInfo = SimpleWeather;
		};
/* End PBXContainerItemProxy section */

/* Begin PBXFileReference section */
		5247DDBF256AFB3000FD1EF9 /* SimpleWeather.app */ = {isa = PBXFileReference; explicitFileType = wrapper.application; includeInIndex = 0; path = SimpleWeather.app; sourceTree = BUILT_PRODUCTS_DIR; };
		5247DDC2256AFB3000FD1EF9 /* SimpleWeatherApp.swift */ = {isa = PBXFileReference; lastKnownFileType = sourcecode.swift; path = SimpleWeatherApp.swift; sourceTree = "<group>"; };
		5247DDC4256AFB3000FD1EF9 /* ForecastView.swift */ = {isa = PBXFileReference; lastKnownFileType = sourcecode.swift; path = ForecastView.swift; sourceTree = "<group>"; };
		5247DDC6256AFB3100FD1EF9 /* Assets.xcassets */ = {isa = PBXFileReference; lastKnownFileType = folder.assetcatalog; path = Assets.xcassets; sourceTree = "<group>"; };
		5247DDC9256AFB3200FD1EF9 /* Preview Assets.xcassets */ = {isa = PBXFileReference; lastKnownFileType = folder.assetcatalog; path = "Preview Assets.xcassets"; sourceTree = "<group>"; };
		5247DDCB256AFB3200FD1EF9 /* Info.plist */ = {isa = PBXFileReference; lastKnownFileType = text.plist.xml; path = Info.plist; sourceTree = "<group>"; };
		5247DDD0256AFB3200FD1EF9 /* SimpleWeatherTests.xctest */ = {isa = PBXFileReference; explicitFileType = wrapper.cfbundle; includeInIndex = 0; path = SimpleWeatherTests.xctest; sourceTree = BUILT_PRODUCTS_DIR; };
		5247DDD6256AFB3200FD1EF9 /* Info.plist */ = {isa = PBXFileReference; lastKnownFileType = text.plist.xml; path = Info.plist; sourceTree = "<group>"; };
		5247DDDB256AFB3200FD1EF9 /* SimpleWeatherUITests.xctest */ = {isa = PBXFileReference; explicitFileType = wrapper.cfbundle; includeInIndex = 0; path = SimpleWeatherUITests.xctest; sourceTree = BUILT_PRODUCTS_DIR; };
		5247DDE1256AFB3200FD1EF9 /* Info.plist */ = {isa = PBXFileReference; lastKnownFileType = text.plist.xml; path = Info.plist; sourceTree = "<group>"; };
		52679877256C072100E2132B /* ForecastViewTests.swift */ = {isa = PBXFileReference; lastKnownFileType = sourcecode.swift; path = ForecastViewTests.swift; sourceTree = "<group>"; };
		52B6259B256E4D1E00CDBBDA /* String+FirstLetterCapitalized.swift */ = {isa = PBXFileReference; lastKnownFileType = sourcecode.swift; path = "String+FirstLetterCapitalized.swift"; sourceTree = "<group>"; };
		52B625A0256E4D4E00CDBBDA /* StringFirstLetterCapitalized.swift */ = {isa = PBXFileReference; lastKnownFileType = sourcecode.swift; path = StringFirstLetterCapitalized.swift; sourceTree = "<group>"; };
		52C5D4D4256BD5510088B72B /* HourlyWeatherComponent.swift */ = {isa = PBXFileReference; lastKnownFileType = sourcecode.swift; path = HourlyWeatherComponent.swift; sourceTree = "<group>"; };
		52C5D4DD256BD5F20088B72B /* Date+Format.swift */ = {isa = PBXFileReference; lastKnownFileType = sourcecode.swift; path = "Date+Format.swift"; sourceTree = "<group>"; };
		52C5D4E5256BD61E0088B72B /* Locale+Language.swift */ = {isa = PBXFileReference; lastKnownFileType = sourcecode.swift; path = "Locale+Language.swift"; sourceTree = "<group>"; };
		52C5D4EB256BD6600088B72B /* LocaleLanguageTests.swift */ = {isa = PBXFileReference; lastKnownFileType = sourcecode.swift; path = LocaleLanguageTests.swift; sourceTree = "<group>"; };
		52C5D4F6256BD6B10088B72B /* DateFormatTests.swift */ = {isa = PBXFileReference; lastKnownFileType = sourcecode.swift; path = DateFormatTests.swift; sourceTree = "<group>"; };
		52C5D50D256BE5620088B72B /* DailyWeatherComponent.swift */ = {isa = PBXFileReference; lastKnownFileType = sourcecode.swift; path = DailyWeatherComponent.swift; sourceTree = "<group>"; };
		52EF7DFC256BA07C00A06613 /* ForecastStore.swift */ = {isa = PBXFileReference; lastKnownFileType = sourcecode.swift; path = ForecastStore.swift; sourceTree = "<group>"; };
		52EF7E02256BA32200A06613 /* Forecast.swift */ = {isa = PBXFileReference; lastKnownFileType = sourcecode.swift; path = Forecast.swift; sourceTree = "<group>"; };
		52EF7E08256BA44A00A06613 /* ForecastStoreTests.swift */ = {isa = PBXFileReference; lastKnownFileType = sourcecode.swift; path = ForecastStoreTests.swift; sourceTree = "<group>"; };
		52EF7E1E256BA72F00A06613 /* ForecastService.swift */ = {isa = PBXFileReference; lastKnownFileType = sourcecode.swift; path = ForecastService.swift; sourceTree = "<group>"; };
		52EF7E23256BA75B00A06613 /* AppDependency.swift */ = {isa = PBXFileReference; lastKnownFileType = sourcecode.swift; path = AppDependency.swift; sourceTree = "<group>"; };
		52EF7E2C256BAFC000A06613 /* ForecastServiceTests.swift */ = {isa = PBXFileReference; lastKnownFileType = sourcecode.swift; path = ForecastServiceTests.swift; sourceTree = "<group>"; };
		52EF7E36256BBDA800A06613 /* CurrentlyWeatherComponent.swift */ = {isa = PBXFileReference; lastKnownFileType = sourcecode.swift; path = CurrentlyWeatherComponent.swift; sourceTree = "<group>"; };
		52EF7E3E256BBDF400A06613 /* WeatherIconComponent.swift */ = {isa = PBXFileReference; lastKnownFileType = sourcecode.swift; path = WeatherIconComponent.swift; sourceTree = "<group>"; };
		52EF7E44256BC02600A06613 /* ForecastTests.swift */ = {isa = PBXFileReference; lastKnownFileType = sourcecode.swift; path = ForecastTests.swift; sourceTree = "<group>"; };
/* End PBXFileReference section */

/* Begin PBXFrameworksBuildPhase section */
		5247DDBC256AFB3000FD1EF9 /* Frameworks */ = {
			isa = PBXFrameworksBuildPhase;
			buildActionMask = 2147483647;
			files = (
				52EF7E1A256BA72100A06613 /* Injectable in Frameworks */,
				52679873256C065600E2132B /* TimelaneCombine in Frameworks */,
			);
			runOnlyForDeploymentPostprocessing = 0;
		};
		5247DDCD256AFB3200FD1EF9 /* Frameworks */ = {
			isa = PBXFrameworksBuildPhase;
			buildActionMask = 2147483647;
			files = (
			);
			runOnlyForDeploymentPostprocessing = 0;
		};
		5247DDD8256AFB3200FD1EF9 /* Frameworks */ = {
			isa = PBXFrameworksBuildPhase;
			buildActionMask = 2147483647;
			files = (
			);
			runOnlyForDeploymentPostprocessing = 0;
		};
/* End PBXFrameworksBuildPhase section */

/* Begin PBXGroup section */
		5247DDB6256AFB3000FD1EF9 = {
			isa = PBXGroup;
			children = (
				5247DDC1256AFB3000FD1EF9 /* SimpleWeather */,
				5247DDD3256AFB3200FD1EF9 /* SimpleWeatherTests */,
				5247DDDE256AFB3200FD1EF9 /* SimpleWeatherUITests */,
				5247DDC0256AFB3000FD1EF9 /* Products */,
			);
			sourceTree = "<group>";
		};
		5247DDC0256AFB3000FD1EF9 /* Products */ = {
			isa = PBXGroup;
			children = (
				5247DDBF256AFB3000FD1EF9 /* SimpleWeather.app */,
				5247DDD0256AFB3200FD1EF9 /* SimpleWeatherTests.xctest */,
				5247DDDB256AFB3200FD1EF9 /* SimpleWeatherUITests.xctest */,
			);
			name = Products;
			sourceTree = "<group>";
		};
		5247DDC1256AFB3000FD1EF9 /* SimpleWeather */ = {
			isa = PBXGroup;
			children = (
				5247DDC2256AFB3000FD1EF9 /* SimpleWeatherApp.swift */,
				52EF7E23256BA75B00A06613 /* AppDependency.swift */,
				52EF7E17256BA6F100A06613 /* Service */,
				52EF7DFB256BA03400A06613 /* Store */,
				52C5D4DC256BD5BD0088B72B /* Extension */,
				52EF7E01256BA22300A06613 /* Entity */,
				52EF7E34256BBD6800A06613 /* Component */,
				52EF7DF2256B9E9D00A06613 /* View */,
				52EF7DEE256B9E7600A06613 /* Resource */,
			);
			path = SimpleWeather;
			sourceTree = "<group>";
		};
		5247DDC8256AFB3200FD1EF9 /* Preview Content */ = {
			isa = PBXGroup;
			children = (
				5247DDC9256AFB3200FD1EF9 /* Preview Assets.xcassets */,
			);
			path = "Preview Content";
			sourceTree = "<group>";
		};
		5247DDD3256AFB3200FD1EF9 /* SimpleWeatherTests */ = {
			isa = PBXGroup;
			children = (
				52EF7E2B256BAFB100A06613 /* Service */,
				52EF7E07256BA42F00A06613 /* Store */,
				52C5D4EA256BD6470088B72B /* Extension */,
				52EF7E43256BC01A00A06613 /* Entity */,
				5247DDD6256AFB3200FD1EF9 /* Info.plist */,
			);
			path = SimpleWeatherTests;
			sourceTree = "<group>";
		};
		5247DDDE256AFB3200FD1EF9 /* SimpleWeatherUITests */ = {
			isa = PBXGroup;
			children = (
				52679877256C072100E2132B /* ForecastViewTests.swift */,
				5247DDE1256AFB3200FD1EF9 /* Info.plist */,
			);
			path = SimpleWeatherUITests;
			sourceTree = "<group>";
		};
		52C5D4DC256BD5BD0088B72B /* Extension */ = {
			isa = PBXGroup;
			children = (
				52C5D4DD256BD5F20088B72B /* Date+Format.swift */,
				52C5D4E5256BD61E0088B72B /* Locale+Language.swift */,
				52B6259B256E4D1E00CDBBDA /* String+FirstLetterCapitalized.swift */,
			);
			path = Extension;
			sourceTree = "<group>";
		};
		52C5D4EA256BD6470088B72B /* Extension */ = {
			isa = PBXGroup;
			children = (
				52C5D4F6256BD6B10088B72B /* DateFormatTests.swift */,
				52C5D4EB256BD6600088B72B /* LocaleLanguageTests.swift */,
				52B625A0256E4D4E00CDBBDA /* StringFirstLetterCapitalized.swift */,
			);
			path = Extension;
			sourceTree = "<group>";
		};
		52EF7DEE256B9E7600A06613 /* Resource */ = {
			isa = PBXGroup;
			children = (
				5247DDC6256AFB3100FD1EF9 /* Assets.xcassets */,
				5247DDCB256AFB3200FD1EF9 /* Info.plist */,
				5247DDC8256AFB3200FD1EF9 /* Preview Content */,
			);
			path = Resource;
			sourceTree = "<group>";
		};
		52EF7DF2256B9E9D00A06613 /* View */ = {
			isa = PBXGroup;
			children = (
				52EF7DF3256B9EB700A06613 /* Forecast */,
			);
			path = View;
			sourceTree = "<group>";
		};
		52EF7DF3256B9EB700A06613 /* Forecast */ = {
			isa = PBXGroup;
			children = (
				5247DDC4256AFB3000FD1EF9 /* ForecastView.swift */,
			);
			path = Forecast;
			sourceTree = "<group>";
		};
		52EF7DFB256BA03400A06613 /* Store */ = {
			isa = PBXGroup;
			children = (
				52EF7DFC256BA07C00A06613 /* ForecastStore.swift */,
			);
			path = Store;
			sourceTree = "<group>";
		};
		52EF7E01256BA22300A06613 /* Entity */ = {
			isa = PBXGroup;
			children = (
				52EF7E02256BA32200A06613 /* Forecast.swift */,
			);
			path = Entity;
			sourceTree = "<group>";
		};
		52EF7E07256BA42F00A06613 /* Store */ = {
			isa = PBXGroup;
			children = (
				52EF7E08256BA44A00A06613 /* ForecastStoreTests.swift */,
			);
			path = Store;
			sourceTree = "<group>";
		};
		52EF7E17256BA6F100A06613 /* Service */ = {
			isa = PBXGroup;
			children = (
				52EF7E1E256BA72F00A06613 /* ForecastService.swift */,
			);
			path = Service;
			sourceTree = "<group>";
		};
		52EF7E2B256BAFB100A06613 /* Service */ = {
			isa = PBXGroup;
			children = (
				52EF7E2C256BAFC000A06613 /* ForecastServiceTests.swift */,
			);
			path = Service;
			sourceTree = "<group>";
		};
		52EF7E34256BBD6800A06613 /* Component */ = {
			isa = PBXGroup;
			children = (
				52EF7E35256BBD7000A06613 /* Weather */,
			);
			path = Component;
			sourceTree = "<group>";
		};
		52EF7E35256BBD7000A06613 /* Weather */ = {
			isa = PBXGroup;
			children = (
				52EF7E36256BBDA800A06613 /* CurrentlyWeatherComponent.swift */,
				52C5D4D4256BD5510088B72B /* HourlyWeatherComponent.swift */,
				52C5D50D256BE5620088B72B /* DailyWeatherComponent.swift */,
				52EF7E3E256BBDF400A06613 /* WeatherIconComponent.swift */,
			);
			path = Weather;
			sourceTree = "<group>";
		};
		52EF7E43256BC01A00A06613 /* Entity */ = {
			isa = PBXGroup;
			children = (
				52EF7E44256BC02600A06613 /* ForecastTests.swift */,
			);
			path = Entity;
			sourceTree = "<group>";
		};
/* End PBXGroup section */

/* Begin PBXNativeTarget section */
		5247DDBE256AFB3000FD1EF9 /* SimpleWeather */ = {
			isa = PBXNativeTarget;
			buildConfigurationList = 5247DDE4256AFB3200FD1EF9 /* Build configuration list for PBXNativeTarget "SimpleWeather" */;
			buildPhases = (
				5247DDBB256AFB3000FD1EF9 /* Sources */,
				5247DDBC256AFB3000FD1EF9 /* Frameworks */,
				5247DDBD256AFB3000FD1EF9 /* Resources */,
				52EF7DF7256B9F6A00A06613 /* SwiftLint */,
			);
			buildRules = (
			);
			dependencies = (
			);
			name = SimpleWeather;
			packageProductDependencies = (
				52EF7E19256BA72100A06613 /* Injectable */,
				52679872256C065600E2132B /* TimelaneCombine */,
			);
			productName = SimpleWeather;
			productReference = 5247DDBF256AFB3000FD1EF9 /* SimpleWeather.app */;
			productType = "com.apple.product-type.application";
		};
		5247DDCF256AFB3200FD1EF9 /* SimpleWeatherTests */ = {
			isa = PBXNativeTarget;
			buildConfigurationList = 5247DDE7256AFB3200FD1EF9 /* Build configuration list for PBXNativeTarget "SimpleWeatherTests" */;
			buildPhases = (
				5247DDCC256AFB3200FD1EF9 /* Sources */,
				5247DDCD256AFB3200FD1EF9 /* Frameworks */,
				5247DDCE256AFB3200FD1EF9 /* Resources */,
			);
			buildRules = (
			);
			dependencies = (
				5247DDD2256AFB3200FD1EF9 /* PBXTargetDependency */,
			);
			name = SimpleWeatherTests;
			productName = SimpleWeatherTests;
			productReference = 5247DDD0256AFB3200FD1EF9 /* SimpleWeatherTests.xctest */;
			productType = "com.apple.product-type.bundle.unit-test";
		};
		5247DDDA256AFB3200FD1EF9 /* SimpleWeatherUITests */ = {
			isa = PBXNativeTarget;
			buildConfigurationList = 5247DDEA256AFB3200FD1EF9 /* Build configuration list for PBXNativeTarget "SimpleWeatherUITests" */;
			buildPhases = (
				5247DDD7256AFB3200FD1EF9 /* Sources */,
				5247DDD8256AFB3200FD1EF9 /* Frameworks */,
				5247DDD9256AFB3200FD1EF9 /* Resources */,
			);
			buildRules = (
			);
			dependencies = (
				5247DDDD256AFB3200FD1EF9 /* PBXTargetDependency */,
			);
			name = SimpleWeatherUITests;
			productName = SimpleWeatherUITests;
			productReference = 5247DDDB256AFB3200FD1EF9 /* SimpleWeatherUITests.xctest */;
			productType = "com.apple.product-type.bundle.ui-testing";
		};
/* End PBXNativeTarget section */

/* Begin PBXProject section */
		5247DDB7256AFB3000FD1EF9 /* Project object */ = {
			isa = PBXProject;
			attributes = {
				LastSwiftUpdateCheck = 1220;
				LastUpgradeCheck = 1220;
				TargetAttributes = {
					5247DDBE256AFB3000FD1EF9 = {
						CreatedOnToolsVersion = 12.2;
					};
					5247DDCF256AFB3200FD1EF9 = {
						CreatedOnToolsVersion = 12.2;
						TestTargetID = 5247DDBE256AFB3000FD1EF9;
					};
					5247DDDA256AFB3200FD1EF9 = {
						CreatedOnToolsVersion = 12.2;
						TestTargetID = 5247DDBE256AFB3000FD1EF9;
					};
				};
			};
			buildConfigurationList = 5247DDBA256AFB3000FD1EF9 /* Build configuration list for PBXProject "SimpleWeather" */;
			compatibilityVersion = "Xcode 9.3";
			developmentRegion = en;
			hasScannedForEncodings = 0;
			knownRegions = (
				en,
				Base,
			);
			mainGroup = 5247DDB6256AFB3000FD1EF9;
			packageReferences = (
				52EF7E18256BA72100A06613 /* XCRemoteSwiftPackageReference "Injectable" */,
				52679871256C065600E2132B /* XCRemoteSwiftPackageReference "TimelaneCombine" */,
			);
			productRefGroup = 5247DDC0256AFB3000FD1EF9 /* Products */;
			projectDirPath = "";
			projectRoot = "";
			targets = (
				5247DDBE256AFB3000FD1EF9 /* SimpleWeather */,
				5247DDCF256AFB3200FD1EF9 /* SimpleWeatherTests */,
				5247DDDA256AFB3200FD1EF9 /* SimpleWeatherUITests */,
			);
		};
/* End PBXProject section */

/* Begin PBXResourcesBuildPhase section */
		5247DDBD256AFB3000FD1EF9 /* Resources */ = {
			isa = PBXResourcesBuildPhase;
			buildActionMask = 2147483647;
			files = (
				5247DDCA256AFB3200FD1EF9 /* Preview Assets.xcassets in Resources */,
				5247DDC7256AFB3100FD1EF9 /* Assets.xcassets in Resources */,
			);
			runOnlyForDeploymentPostprocessing = 0;
		};
		5247DDCE256AFB3200FD1EF9 /* Resources */ = {
			isa = PBXResourcesBuildPhase;
			buildActionMask = 2147483647;
			files = (
			);
			runOnlyForDeploymentPostprocessing = 0;
		};
		5247DDD9256AFB3200FD1EF9 /* Resources */ = {
			isa = PBXResourcesBuildPhase;
			buildActionMask = 2147483647;
			files = (
			);
			runOnlyForDeploymentPostprocessing = 0;
		};
/* End PBXResourcesBuildPhase section */

/* Begin PBXShellScriptBuildPhase section */
		52EF7DF7256B9F6A00A06613 /* SwiftLint */ = {
			isa = PBXShellScriptBuildPhase;
			buildActionMask = 2147483647;
			files = (
			);
			inputFileListPaths = (
			);
			inputPaths = (
			);
			name = SwiftLint;
			outputFileListPaths = (
			);
			outputPaths = (
			);
			runOnlyForDeploymentPostprocessing = 0;
			shellPath = /bin/sh;
			shellScript = "if which swiftlint >/dev/null; then\n  swiftlint --config .swiftlint.yml\nelse\n  echo \"warning: SwiftLint not installed, download from https://github.com/realm/SwiftLint\"\nfi\n";
		};
/* End PBXShellScriptBuildPhase section */

/* Begin PBXSourcesBuildPhase section */
		5247DDBB256AFB3000FD1EF9 /* Sources */ = {
			isa = PBXSourcesBuildPhase;
			buildActionMask = 2147483647;
			files = (
				52C5D4D5256BD5510088B72B /* HourlyWeatherComponent.swift in Sources */,
				52EF7E24256BA75B00A06613 /* AppDependency.swift in Sources */,
				52EF7E3F256BBDF400A06613 /* WeatherIconComponent.swift in Sources */,
				52EF7E03256BA32200A06613 /* Forecast.swift in Sources */,
				52EF7E37256BBDA800A06613 /* CurrentlyWeatherComponent.swift in Sources */,
				52C5D4E6256BD61E0088B72B /* Locale+Language.swift in Sources */,
				5247DDC5256AFB3000FD1EF9 /* ForecastView.swift in Sources */,
				52C5D4DE256BD5F20088B72B /* Date+Format.swift in Sources */,
				52C5D50E256BE5620088B72B /* DailyWeatherComponent.swift in Sources */,
				5247DDC3256AFB3000FD1EF9 /* SimpleWeatherApp.swift in Sources */,
				52B6259C256E4D1E00CDBBDA /* String+FirstLetterCapitalized.swift in Sources */,
				52EF7E1F256BA72F00A06613 /* ForecastService.swift in Sources */,
				52EF7DFD256BA07C00A06613 /* ForecastStore.swift in Sources */,
			);
			runOnlyForDeploymentPostprocessing = 0;
		};
		5247DDCC256AFB3200FD1EF9 /* Sources */ = {
			isa = PBXSourcesBuildPhase;
			buildActionMask = 2147483647;
			files = (
				52EF7E2D256BAFC000A06613 /* ForecastServiceTests.swift in Sources */,
				52C5D4F7256BD6B10088B72B /* DateFormatTests.swift in Sources */,
				52EF7E45256BC02600A06613 /* ForecastTests.swift in Sources */,
				52EF7E09256BA44A00A06613 /* ForecastStoreTests.swift in Sources */,
				52B625A1256E4D4E00CDBBDA /* StringFirstLetterCapitalized.swift in Sources */,
				52C5D4EC256BD6600088B72B /* LocaleLanguageTests.swift in Sources */,
			);
			runOnlyForDeploymentPostprocessing = 0;
		};
		5247DDD7256AFB3200FD1EF9 /* Sources */ = {
			isa = PBXSourcesBuildPhase;
			buildActionMask = 2147483647;
			files = (
				52679878256C072100E2132B /* ForecastViewTests.swift in Sources */,
			);
			runOnlyForDeploymentPostprocessing = 0;
		};
/* End PBXSourcesBuildPhase section */

/* Begin PBXTargetDependency section */
		5247DDD2256AFB3200FD1EF9 /* PBXTargetDependency */ = {
			isa = PBXTargetDependency;
			target = 5247DDBE256AFB3000FD1EF9 /* SimpleWeather */;
			targetProxy = 5247DDD1256AFB3200FD1EF9 /* PBXContainerItemProxy */;
		};
		5247DDDD256AFB3200FD1EF9 /* PBXTargetDependency */ = {
			isa = PBXTargetDependency;
			target = 5247DDBE256AFB3000FD1EF9 /* SimpleWeather */;
			targetProxy = 5247DDDC256AFB3200FD1EF9 /* PBXContainerItemProxy */;
		};
/* End PBXTargetDependency section */

/* Begin XCBuildConfiguration section */
		5247DDE2256AFB3200FD1EF9 /* Debug */ = {
			isa = XCBuildConfiguration;
			buildSettings = {
				ALWAYS_SEARCH_USER_PATHS = NO;
				CLANG_ANALYZER_NONNULL = YES;
				CLANG_ANALYZER_NUMBER_OBJECT_CONVERSION = YES_AGGRESSIVE;
				CLANG_CXX_LANGUAGE_STANDARD = "gnu++14";
				CLANG_CXX_LIBRARY = "libc++";
				CLANG_ENABLE_MODULES = YES;
				CLANG_ENABLE_OBJC_ARC = YES;
				CLANG_ENABLE_OBJC_WEAK = YES;
				CLANG_WARN_BLOCK_CAPTURE_AUTORELEASING = YES;
				CLANG_WARN_BOOL_CONVERSION = YES;
				CLANG_WARN_COMMA = YES;
				CLANG_WARN_CONSTANT_CONVERSION = YES;
				CLANG_WARN_DEPRECATED_OBJC_IMPLEMENTATIONS = YES;
				CLANG_WARN_DIRECT_OBJC_ISA_USAGE = YES_ERROR;
				CLANG_WARN_DOCUMENTATION_COMMENTS = YES;
				CLANG_WARN_EMPTY_BODY = YES;
				CLANG_WARN_ENUM_CONVERSION = YES;
				CLANG_WARN_INFINITE_RECURSION = YES;
				CLANG_WARN_INT_CONVERSION = YES;
				CLANG_WARN_NON_LITERAL_NULL_CONVERSION = YES;
				CLANG_WARN_OBJC_IMPLICIT_RETAIN_SELF = YES;
				CLANG_WARN_OBJC_LITERAL_CONVERSION = YES;
				CLANG_WARN_OBJC_ROOT_CLASS = YES_ERROR;
				CLANG_WARN_QUOTED_INCLUDE_IN_FRAMEWORK_HEADER = YES;
				CLANG_WARN_RANGE_LOOP_ANALYSIS = YES;
				CLANG_WARN_STRICT_PROTOTYPES = YES;
				CLANG_WARN_SUSPICIOUS_MOVE = YES;
				CLANG_WARN_UNGUARDED_AVAILABILITY = YES_AGGRESSIVE;
				CLANG_WARN_UNREACHABLE_CODE = YES;
				CLANG_WARN__DUPLICATE_METHOD_MATCH = YES;
				COPY_PHASE_STRIP = NO;
				DEBUG_INFORMATION_FORMAT = dwarf;
				ENABLE_STRICT_OBJC_MSGSEND = YES;
				ENABLE_TESTABILITY = YES;
				GCC_C_LANGUAGE_STANDARD = gnu11;
				GCC_DYNAMIC_NO_PIC = NO;
				GCC_NO_COMMON_BLOCKS = YES;
				GCC_OPTIMIZATION_LEVEL = 0;
				GCC_PREPROCESSOR_DEFINITIONS = (
					"DEBUG=1",
					"$(inherited)",
				);
				GCC_WARN_64_TO_32_BIT_CONVERSION = YES;
				GCC_WARN_ABOUT_RETURN_TYPE = YES_ERROR;
				GCC_WARN_UNDECLARED_SELECTOR = YES;
				GCC_WARN_UNINITIALIZED_AUTOS = YES_AGGRESSIVE;
				GCC_WARN_UNUSED_FUNCTION = YES;
				GCC_WARN_UNUSED_VARIABLE = YES;
				IPHONEOS_DEPLOYMENT_TARGET = 14.2;
				MTL_ENABLE_DEBUG_INFO = INCLUDE_SOURCE;
				MTL_FAST_MATH = YES;
				ONLY_ACTIVE_ARCH = YES;
				SDKROOT = iphoneos;
				SWIFT_ACTIVE_COMPILATION_CONDITIONS = DEBUG;
				SWIFT_OPTIMIZATION_LEVEL = "-Onone";
			};
			name = Debug;
		};
		5247DDE3256AFB3200FD1EF9 /* Release */ = {
			isa = XCBuildConfiguration;
			buildSettings = {
				ALWAYS_SEARCH_USER_PATHS = NO;
				CLANG_ANALYZER_NONNULL = YES;
				CLANG_ANALYZER_NUMBER_OBJECT_CONVERSION = YES_AGGRESSIVE;
				CLANG_CXX_LANGUAGE_STANDARD = "gnu++14";
				CLANG_CXX_LIBRARY = "libc++";
				CLANG_ENABLE_MODULES = YES;
				CLANG_ENABLE_OBJC_ARC = YES;
				CLANG_ENABLE_OBJC_WEAK = YES;
				CLANG_WARN_BLOCK_CAPTURE_AUTORELEASING = YES;
				CLANG_WARN_BOOL_CONVERSION = YES;
				CLANG_WARN_COMMA = YES;
				CLANG_WARN_CONSTANT_CONVERSION = YES;
				CLANG_WARN_DEPRECATED_OBJC_IMPLEMENTATIONS = YES;
				CLANG_WARN_DIRECT_OBJC_ISA_USAGE = YES_ERROR;
				CLANG_WARN_DOCUMENTATION_COMMENTS = YES;
				CLANG_WARN_EMPTY_BODY = YES;
				CLANG_WARN_ENUM_CONVERSION = YES;
				CLANG_WARN_INFINITE_RECURSION = YES;
				CLANG_WARN_INT_CONVERSION = YES;
				CLANG_WARN_NON_LITERAL_NULL_CONVERSION = YES;
				CLANG_WARN_OBJC_IMPLICIT_RETAIN_SELF = YES;
				CLANG_WARN_OBJC_LITERAL_CONVERSION = YES;
				CLANG_WARN_OBJC_ROOT_CLASS = YES_ERROR;
				CLANG_WARN_QUOTED_INCLUDE_IN_FRAMEWORK_HEADER = YES;
				CLANG_WARN_RANGE_LOOP_ANALYSIS = YES;
				CLANG_WARN_STRICT_PROTOTYPES = YES;
				CLANG_WARN_SUSPICIOUS_MOVE = YES;
				CLANG_WARN_UNGUARDED_AVAILABILITY = YES_AGGRESSIVE;
				CLANG_WARN_UNREACHABLE_CODE = YES;
				CLANG_WARN__DUPLICATE_METHOD_MATCH = YES;
				COPY_PHASE_STRIP = NO;
				DEBUG_INFORMATION_FORMAT = "dwarf-with-dsym";
				ENABLE_NS_ASSERTIONS = NO;
				ENABLE_STRICT_OBJC_MSGSEND = YES;
				GCC_C_LANGUAGE_STANDARD = gnu11;
				GCC_NO_COMMON_BLOCKS = YES;
				GCC_WARN_64_TO_32_BIT_CONVERSION = YES;
				GCC_WARN_ABOUT_RETURN_TYPE = YES_ERROR;
				GCC_WARN_UNDECLARED_SELECTOR = YES;
				GCC_WARN_UNINITIALIZED_AUTOS = YES_AGGRESSIVE;
				GCC_WARN_UNUSED_FUNCTION = YES;
				GCC_WARN_UNUSED_VARIABLE = YES;
				IPHONEOS_DEPLOYMENT_TARGET = 14.2;
				MTL_ENABLE_DEBUG_INFO = NO;
				MTL_FAST_MATH = YES;
				SDKROOT = iphoneos;
				SWIFT_COMPILATION_MODE = wholemodule;
				SWIFT_OPTIMIZATION_LEVEL = "-O";
				VALIDATE_PRODUCT = YES;
			};
			name = Release;
		};
		5247DDE5256AFB3200FD1EF9 /* Debug */ = {
			isa = XCBuildConfiguration;
			buildSettings = {
				ASSETCATALOG_COMPILER_APPICON_NAME = AppIcon;
				ASSETCATALOG_COMPILER_GLOBAL_ACCENT_COLOR_NAME = AccentColor;
				CODE_SIGN_STYLE = Automatic;
				DEVELOPMENT_ASSET_PATHS = "\"SimpleWeather/Resource/Preview Content\"";
				DEVELOPMENT_TEAM = D27NXEG753;
				ENABLE_PREVIEWS = YES;
				INFOPLIST_FILE = SimpleWeather/Resource/Info.plist;
				IPHONEOS_DEPLOYMENT_TARGET = 14.0;
				LD_RUNPATH_SEARCH_PATHS = (
					"$(inherited)",
					"@executable_path/Frameworks",
				);
				PRODUCT_BUNDLE_IDENTIFIER = maxime.maheo.SimpleWeather;
				PRODUCT_NAME = "$(TARGET_NAME)";
				SWIFT_VERSION = 5.0;
				TARGETED_DEVICE_FAMILY = "1,2";
			};
			name = Debug;
		};
		5247DDE6256AFB3200FD1EF9 /* Release */ = {
			isa = XCBuildConfiguration;
			buildSettings = {
				ASSETCATALOG_COMPILER_APPICON_NAME = AppIcon;
				ASSETCATALOG_COMPILER_GLOBAL_ACCENT_COLOR_NAME = AccentColor;
				CODE_SIGN_STYLE = Automatic;
				DEVELOPMENT_ASSET_PATHS = "\"SimpleWeather/Resource/Preview Content\"";
				DEVELOPMENT_TEAM = D27NXEG753;
				ENABLE_PREVIEWS = YES;
				INFOPLIST_FILE = SimpleWeather/Resource/Info.plist;
				IPHONEOS_DEPLOYMENT_TARGET = 14.0;
				LD_RUNPATH_SEARCH_PATHS = (
					"$(inherited)",
					"@executable_path/Frameworks",
				);
				PRODUCT_BUNDLE_IDENTIFIER = maxime.maheo.SimpleWeather;
				PRODUCT_NAME = "$(TARGET_NAME)";
				SWIFT_VERSION = 5.0;
				TARGETED_DEVICE_FAMILY = "1,2";
			};
			name = Release;
		};
		5247DDE8256AFB3200FD1EF9 /* Debug */ = {
			isa = XCBuildConfiguration;
			buildSettings = {
				ALWAYS_EMBED_SWIFT_STANDARD_LIBRARIES = YES;
				BUNDLE_LOADER = "$(TEST_HOST)";
				CODE_SIGN_STYLE = Automatic;
				DEVELOPMENT_TEAM = D27NXEG753;
				INFOPLIST_FILE = SimpleWeatherTests/Info.plist;
				IPHONEOS_DEPLOYMENT_TARGET = 14.0;
				LD_RUNPATH_SEARCH_PATHS = (
					"$(inherited)",
					"@executable_path/Frameworks",
					"@loader_path/Frameworks",
				);
				PRODUCT_BUNDLE_IDENTIFIER = maxime.maheo.SimpleWeatherTests;
				PRODUCT_NAME = "$(TARGET_NAME)";
				SWIFT_VERSION = 5.0;
				TARGETED_DEVICE_FAMILY = "1,2";
				TEST_HOST = "$(BUILT_PRODUCTS_DIR)/SimpleWeather.app/SimpleWeather";
			};
			name = Debug;
		};
		5247DDE9256AFB3200FD1EF9 /* Release */ = {
			isa = XCBuildConfiguration;
			buildSettings = {
				ALWAYS_EMBED_SWIFT_STANDARD_LIBRARIES = YES;
				BUNDLE_LOADER = "$(TEST_HOST)";
				CODE_SIGN_STYLE = Automatic;
				DEVELOPMENT_TEAM = D27NXEG753;
				INFOPLIST_FILE = SimpleWeatherTests/Info.plist;
				IPHONEOS_DEPLOYMENT_TARGET = 14.0;
				LD_RUNPATH_SEARCH_PATHS = (
					"$(inherited)",
					"@executable_path/Frameworks",
					"@loader_path/Frameworks",
				);
				PRODUCT_BUNDLE_IDENTIFIER = maxime.maheo.SimpleWeatherTests;
				PRODUCT_NAME = "$(TARGET_NAME)";
				SWIFT_VERSION = 5.0;
				TARGETED_DEVICE_FAMILY = "1,2";
				TEST_HOST = "$(BUILT_PRODUCTS_DIR)/SimpleWeather.app/SimpleWeather";
			};
			name = Release;
		};
		5247DDEB256AFB3200FD1EF9 /* Debug */ = {
			isa = XCBuildConfiguration;
			buildSettings = {
				ALWAYS_EMBED_SWIFT_STANDARD_LIBRARIES = YES;
				CODE_SIGN_STYLE = Automatic;
				DEVELOPMENT_TEAM = D27NXEG753;
				INFOPLIST_FILE = SimpleWeatherUITests/Info.plist;
				LD_RUNPATH_SEARCH_PATHS = (
					"$(inherited)",
					"@executable_path/Frameworks",
					"@loader_path/Frameworks",
				);
				PRODUCT_BUNDLE_IDENTIFIER = maxime.maheo.SimpleWeatherUITests;
				PRODUCT_NAME = "$(TARGET_NAME)";
				SWIFT_VERSION = 5.0;
				TARGETED_DEVICE_FAMILY = "1,2";
				TEST_TARGET_NAME = SimpleWeather;
			};
			name = Debug;
		};
		5247DDEC256AFB3200FD1EF9 /* Release */ = {
			isa = XCBuildConfiguration;
			buildSettings = {
				ALWAYS_EMBED_SWIFT_STANDARD_LIBRARIES = YES;
				CODE_SIGN_STYLE = Automatic;
				DEVELOPMENT_TEAM = D27NXEG753;
				INFOPLIST_FILE = SimpleWeatherUITests/Info.plist;
				LD_RUNPATH_SEARCH_PATHS = (
					"$(inherited)",
					"@executable_path/Frameworks",
					"@loader_path/Frameworks",
				);
				PRODUCT_BUNDLE_IDENTIFIER = maxime.maheo.SimpleWeatherUITests;
				PRODUCT_NAME = "$(TARGET_NAME)";
				SWIFT_VERSION = 5.0;
				TARGETED_DEVICE_FAMILY = "1,2";
				TEST_TARGET_NAME = SimpleWeather;
			};
			name = Release;
		};
/* End XCBuildConfiguration section */

/* Begin XCConfigurationList section */
		5247DDBA256AFB3000FD1EF9 /* Build configuration list for PBXProject "SimpleWeather" */ = {
			isa = XCConfigurationList;
			buildConfigurations = (
				5247DDE2256AFB3200FD1EF9 /* Debug */,
				5247DDE3256AFB3200FD1EF9 /* Release */,
			);
			defaultConfigurationIsVisible = 0;
			defaultConfigurationName = Release;
		};
		5247DDE4256AFB3200FD1EF9 /* Build configuration list for PBXNativeTarget "SimpleWeather" */ = {
			isa = XCConfigurationList;
			buildConfigurations = (
				5247DDE5256AFB3200FD1EF9 /* Debug */,
				5247DDE6256AFB3200FD1EF9 /* Release */,
			);
			defaultConfigurationIsVisible = 0;
			defaultConfigurationName = Release;
		};
		5247DDE7256AFB3200FD1EF9 /* Build configuration list for PBXNativeTarget "SimpleWeatherTests" */ = {
			isa = XCConfigurationList;
			buildConfigurations = (
				5247DDE8256AFB3200FD1EF9 /* Debug */,
				5247DDE9256AFB3200FD1EF9 /* Release */,
			);
			defaultConfigurationIsVisible = 0;
			defaultConfigurationName = Release;
		};
		5247DDEA256AFB3200FD1EF9 /* Build configuration list for PBXNativeTarget "SimpleWeatherUITests" */ = {
			isa = XCConfigurationList;
			buildConfigurations = (
				5247DDEB256AFB3200FD1EF9 /* Debug */,
				5247DDEC256AFB3200FD1EF9 /* Release */,
			);
			defaultConfigurationIsVisible = 0;
			defaultConfigurationName = Release;
		};
/* End XCConfigurationList section */

/* Begin XCRemoteSwiftPackageReference section */
		52679871256C065600E2132B /* XCRemoteSwiftPackageReference "TimelaneCombine" */ = {
			isa = XCRemoteSwiftPackageReference;
			repositoryURL = "https://github.com/icanzilb/TimelaneCombine";
			requirement = {
				kind = upToNextMajorVersion;
				minimumVersion = 2.0.0;
			};
		};
		52EF7E18256BA72100A06613 /* XCRemoteSwiftPackageReference "Injectable" */ = {
			isa = XCRemoteSwiftPackageReference;
			repositoryURL = "https://github.com/mmaheo/Injectable.git";
			requirement = {
				kind = upToNextMajorVersion;
				minimumVersion = 1.0.0;
			};
		};
/* End XCRemoteSwiftPackageReference section */

/* Begin XCSwiftPackageProductDependency section */
		52679872256C065600E2132B /* TimelaneCombine */ = {
			isa = XCSwiftPackageProductDependency;
			package = 52679871256C065600E2132B /* XCRemoteSwiftPackageReference "TimelaneCombine" */;
			productName = TimelaneCombine;
		};
		52EF7E19256BA72100A06613 /* Injectable */ = {
			isa = XCSwiftPackageProductDependency;
			package = 52EF7E18256BA72100A06613 /* XCRemoteSwiftPackageReference "Injectable" */;
			productName = Injectable;
		};
/* End XCSwiftPackageProductDependency section */
	};
	rootObject = 5247DDB7256AFB3000FD1EF9 /* Project object */;
}
