// !$*UTF8*$!
{
	archiveVersion = 1;
	classes = {
	};
	objectVersion = 52;
	objects = {

/* Begin PBXBuildFile section */
		523C02002573F4B800632A5A /* UIApplication+CurrentScene.swift in Sources */ = {isa = PBXBuildFile; fileRef = 523C01FF2573F4B800632A5A /* UIApplication+CurrentScene.swift */; };
		523C02042573F4F900632A5A /* RatingStore.swift in Sources */ = {isa = PBXBuildFile; fileRef = 523C02032573F4F900632A5A /* RatingStore.swift */; };
		523C02082573F98700632A5A /* SettingsPrivacyPolicyView.swift in Sources */ = {isa = PBXBuildFile; fileRef = 523C02072573F98700632A5A /* SettingsPrivacyPolicyView.swift */; };
		523C020C2573FF3F00632A5A /* SettingsTermsAndConditionsView.swift in Sources */ = {isa = PBXBuildFile; fileRef = 523C020B2573FF3F00632A5A /* SettingsTermsAndConditionsView.swift */; };
		5244EC8C2576324E00B7ED4B /* GoogleService-Info.plist in Resources */ = {isa = PBXBuildFile; fileRef = 5244EC8B2576324E00B7ED4B /* GoogleService-Info.plist */; };
		5244EC912576334200B7ED4B /* FirebaseAnalytics in Frameworks */ = {isa = PBXBuildFile; productRef = 5244EC902576334200B7ED4B /* FirebaseAnalytics */; };
		5244EC932576334200B7ED4B /* FirebaseCrashlytics in Frameworks */ = {isa = PBXBuildFile; productRef = 5244EC922576334200B7ED4B /* FirebaseCrashlytics */; };
		5244EC99257634A100B7ED4B /* AppDelegateForFirebase.swift in Sources */ = {isa = PBXBuildFile; fileRef = 5244EC98257634A100B7ED4B /* AppDelegateForFirebase.swift */; };
		5247DDC3256AFB3000FD1EF9 /* SimpleWeatherApp.swift in Sources */ = {isa = PBXBuildFile; fileRef = 5247DDC2256AFB3000FD1EF9 /* SimpleWeatherApp.swift */; };
		5247DDC5256AFB3000FD1EF9 /* ForecastView.swift in Sources */ = {isa = PBXBuildFile; fileRef = 5247DDC4256AFB3000FD1EF9 /* ForecastView.swift */; };
		5247DDC7256AFB3100FD1EF9 /* Assets.xcassets in Resources */ = {isa = PBXBuildFile; fileRef = 5247DDC6256AFB3100FD1EF9 /* Assets.xcassets */; };
		5247DDCA256AFB3200FD1EF9 /* Preview Assets.xcassets in Resources */ = {isa = PBXBuildFile; fileRef = 5247DDC9256AFB3200FD1EF9 /* Preview Assets.xcassets */; };
		524E8EDC2572EA9A002A1D6C /* LocationStore.swift in Sources */ = {isa = PBXBuildFile; fileRef = 524E8EDB2572EA9A002A1D6C /* LocationStore.swift */; };
		524E8EE32572F0E0002A1D6C /* LocationDisabledComponent.swift in Sources */ = {isa = PBXBuildFile; fileRef = 524E8EE22572F0E0002A1D6C /* LocationDisabledComponent.swift */; };
		524E8EE72572F8D7002A1D6C /* SettingsView.swift in Sources */ = {isa = PBXBuildFile; fileRef = 524E8EE62572F8D7002A1D6C /* SettingsView.swift */; };
		524E8EEA2572FC4E002A1D6C /* SettingsUnitView.swift in Sources */ = {isa = PBXBuildFile; fileRef = 524E8EE92572FC4E002A1D6C /* SettingsUnitView.swift */; };
		5270B9CB2576858800ADDF74 /* AppAnalyticsScreenView.swift in Sources */ = {isa = PBXBuildFile; fileRef = 5270B9CA2576858800ADDF74 /* AppAnalyticsScreenView.swift */; };
		527EF34E257678DC00FD45C1 /* AnalyticsService.swift in Sources */ = {isa = PBXBuildFile; fileRef = 527EF34D257678DC00FD45C1 /* AnalyticsService.swift */; };
		527EF3522576792600FD45C1 /* AppAnalyticsEvent.swift in Sources */ = {isa = PBXBuildFile; fileRef = 527EF3512576792600FD45C1 /* AppAnalyticsEvent.swift */; };
		529F38B22573B14200AC2849 /* AppError.swift in Sources */ = {isa = PBXBuildFile; fileRef = 529F38B12573B14200AC2849 /* AppError.swift */; };
		529F38B82573BA4300AC2849 /* SettingsStore.swift in Sources */ = {isa = PBXBuildFile; fileRef = 529F38B72573BA4300AC2849 /* SettingsStore.swift */; };
		529F38BB2573BABC00AC2849 /* Unit.swift in Sources */ = {isa = PBXBuildFile; fileRef = 529F38BA2573BABC00AC2849 /* Unit.swift */; };
		529F38DE2573C28D00AC2849 /* WidgetKit.framework in Frameworks */ = {isa = PBXBuildFile; fileRef = 529F38DD2573C28D00AC2849 /* WidgetKit.framework */; };
		529F38E02573C28D00AC2849 /* SwiftUI.framework in Frameworks */ = {isa = PBXBuildFile; fileRef = 529F38DF2573C28D00AC2849 /* SwiftUI.framework */; };
		529F38E32573C28D00AC2849 /* SimpleWeatherWidget.swift in Sources */ = {isa = PBXBuildFile; fileRef = 529F38E22573C28D00AC2849 /* SimpleWeatherWidget.swift */; };
		529F38E52573C28F00AC2849 /* Assets.xcassets in Resources */ = {isa = PBXBuildFile; fileRef = 529F38E42573C28F00AC2849 /* Assets.xcassets */; };
		529F38E92573C28F00AC2849 /* WidgetExtension.appex in Embed App Extensions */ = {isa = PBXBuildFile; fileRef = 529F38DB2573C28D00AC2849 /* WidgetExtension.appex */; settings = {ATTRIBUTES = (RemoveHeadersOnCopy, ); }; };
		529F39202573C64200AC2849 /* CurrentlyForecastWidget.swift in Sources */ = {isa = PBXBuildFile; fileRef = 529F391C2573C63B00AC2849 /* CurrentlyForecastWidget.swift */; };
		529F39212573C64200AC2849 /* ForecastWidgetEntry.swift in Sources */ = {isa = PBXBuildFile; fileRef = 529F39052573C44B00AC2849 /* ForecastWidgetEntry.swift */; };
		529F39222573C64200AC2849 /* CurrentlyForecastWidgetSmallView.swift in Sources */ = {isa = PBXBuildFile; fileRef = 529F39122573C4D100AC2849 /* CurrentlyForecastWidgetSmallView.swift */; };
		529F39232573C64200AC2849 /* CurrentlyForecastWidgetView.swift in Sources */ = {isa = PBXBuildFile; fileRef = 529F39182573C5DB00AC2849 /* CurrentlyForecastWidgetView.swift */; };
		529F39242573C64200AC2849 /* ForecastWidgetTimelineProvider.swift in Sources */ = {isa = PBXBuildFile; fileRef = 529F390D2573C48500AC2849 /* ForecastWidgetTimelineProvider.swift */; };
		529F392B2573C64600AC2849 /* WidgetNotAvailableView.swift in Sources */ = {isa = PBXBuildFile; fileRef = 529F38FB2573C37E00AC2849 /* WidgetNotAvailableView.swift */; };
		529F39312573C71400AC2849 /* UserDefaultsService.swift in Sources */ = {isa = PBXBuildFile; fileRef = 52A21B9525729DFD00A55552 /* UserDefaultsService.swift */; };
		529F39372573C71B00AC2849 /* ForecastResponse.swift in Sources */ = {isa = PBXBuildFile; fileRef = 52CB46F8257183CD00B82085 /* ForecastResponse.swift */; };
		529F393A2573C71E00AC2849 /* DarkSkyApiKey.swift in Sources */ = {isa = PBXBuildFile; fileRef = 52CB4700257183ED00B82085 /* DarkSkyApiKey.swift */; };
		529F393B2573C71E00AC2849 /* ForecastEndpoint.swift in Sources */ = {isa = PBXBuildFile; fileRef = 52CB46EF2571839F00B82085 /* ForecastEndpoint.swift */; };
		529F393C2573C71E00AC2849 /* ForecastService.swift in Sources */ = {isa = PBXBuildFile; fileRef = 52EF7E1E256BA72F00A06613 /* ForecastService.swift */; };
		529F393F2573C72600AC2849 /* BaseRequest.swift in Sources */ = {isa = PBXBuildFile; fileRef = 52CB469E2571751100B82085 /* BaseRequest.swift */; };
		529F39402573C72600AC2849 /* ApiRequester.swift in Sources */ = {isa = PBXBuildFile; fileRef = 52CB46A8257175D200B82085 /* ApiRequester.swift */; };
		529F39412573C72600AC2849 /* Reachability.swift in Sources */ = {isa = PBXBuildFile; fileRef = 52CB46A32571759A00B82085 /* Reachability.swift */; };
		529F39422573C72600AC2849 /* APIEndpoint.swift in Sources */ = {isa = PBXBuildFile; fileRef = 52CB4694257174D000B82085 /* APIEndpoint.swift */; };
		529F39432573C72600AC2849 /* Request.swift in Sources */ = {isa = PBXBuildFile; fileRef = 52CB4699257174EF00B82085 /* Request.swift */; };
		529F39442573C72600AC2849 /* DarkSkyRequest.swift in Sources */ = {isa = PBXBuildFile; fileRef = 52CB46B22571769000B82085 /* DarkSkyRequest.swift */; };
		529F39472573C72F00AC2849 /* Forecast.swift in Sources */ = {isa = PBXBuildFile; fileRef = 52EF7E02256BA32200A06613 /* Forecast.swift */; };
		529F39482573C72F00AC2849 /* Unit.swift in Sources */ = {isa = PBXBuildFile; fileRef = 529F38BA2573BABC00AC2849 /* Unit.swift */; };
		529F394B2573C73B00AC2849 /* Locale+Language.swift in Sources */ = {isa = PBXBuildFile; fileRef = 52C5D4E5256BD61E0088B72B /* Locale+Language.swift */; };
		529F394E2573C73E00AC2849 /* Publisher+RetryAfter.swift in Sources */ = {isa = PBXBuildFile; fileRef = 52CB46AD2571762B00B82085 /* Publisher+RetryAfter.swift */; };
		529F39512573C74900AC2849 /* Date+Format.swift in Sources */ = {isa = PBXBuildFile; fileRef = 52C5D4DD256BD5F20088B72B /* Date+Format.swift */; };
		529F39632573C8F400AC2849 /* Injectable in Frameworks */ = {isa = PBXBuildFile; productRef = 529F39622573C8F400AC2849 /* Injectable */; };
		529F39662573CFD000AC2849 /* CurrentlyWeatherComponent.swift in Sources */ = {isa = PBXBuildFile; fileRef = 52EF7E36256BBDA800A06613 /* CurrentlyWeatherComponent.swift */; };
		529F39692573D01600AC2849 /* WeatherIconComponent.swift in Sources */ = {isa = PBXBuildFile; fileRef = 52EF7E3E256BBDF400A06613 /* WeatherIconComponent.swift */; };
		52A21B9125729B3D00A55552 /* LocationService.swift in Sources */ = {isa = PBXBuildFile; fileRef = 52A21B9025729B3D00A55552 /* LocationService.swift */; };
		52A21B9625729DFD00A55552 /* UserDefaultsService.swift in Sources */ = {isa = PBXBuildFile; fileRef = 52A21B9525729DFD00A55552 /* UserDefaultsService.swift */; };
		52A21B9C2572AD2400A55552 /* TabBarView.swift in Sources */ = {isa = PBXBuildFile; fileRef = 52A21B9B2572AD2400A55552 /* TabBarView.swift */; };
		52A21B9F2572AD6D00A55552 /* MainView.swift in Sources */ = {isa = PBXBuildFile; fileRef = 52A21B9E2572AD6D00A55552 /* MainView.swift */; };
		52A21BA22572AD7600A55552 /* SideBarView.swift in Sources */ = {isa = PBXBuildFile; fileRef = 52A21BA12572AD7600A55552 /* SideBarView.swift */; };
		52B6259C256E4D1E00CDBBDA /* String+FirstLetterCapitalized.swift in Sources */ = {isa = PBXBuildFile; fileRef = 52B6259B256E4D1E00CDBBDA /* String+FirstLetterCapitalized.swift */; };
		52C5D4D5256BD5510088B72B /* HourlyWeatherComponent.swift in Sources */ = {isa = PBXBuildFile; fileRef = 52C5D4D4256BD5510088B72B /* HourlyWeatherComponent.swift */; };
		52C5D4DE256BD5F20088B72B /* Date+Format.swift in Sources */ = {isa = PBXBuildFile; fileRef = 52C5D4DD256BD5F20088B72B /* Date+Format.swift */; };
		52C5D4E6256BD61E0088B72B /* Locale+Language.swift in Sources */ = {isa = PBXBuildFile; fileRef = 52C5D4E5256BD61E0088B72B /* Locale+Language.swift */; };
		52C5D50E256BE5620088B72B /* DailyWeatherComponent.swift in Sources */ = {isa = PBXBuildFile; fileRef = 52C5D50D256BE5620088B72B /* DailyWeatherComponent.swift */; };
		52CB4695257174D000B82085 /* APIEndpoint.swift in Sources */ = {isa = PBXBuildFile; fileRef = 52CB4694257174D000B82085 /* APIEndpoint.swift */; };
		52CB469A257174EF00B82085 /* Request.swift in Sources */ = {isa = PBXBuildFile; fileRef = 52CB4699257174EF00B82085 /* Request.swift */; };
		52CB469F2571751100B82085 /* BaseRequest.swift in Sources */ = {isa = PBXBuildFile; fileRef = 52CB469E2571751100B82085 /* BaseRequest.swift */; };
		52CB46A42571759A00B82085 /* Reachability.swift in Sources */ = {isa = PBXBuildFile; fileRef = 52CB46A32571759A00B82085 /* Reachability.swift */; };
		52CB46A9257175D200B82085 /* ApiRequester.swift in Sources */ = {isa = PBXBuildFile; fileRef = 52CB46A8257175D200B82085 /* ApiRequester.swift */; };
		52CB46AE2571762B00B82085 /* Publisher+RetryAfter.swift in Sources */ = {isa = PBXBuildFile; fileRef = 52CB46AD2571762B00B82085 /* Publisher+RetryAfter.swift */; };
		52CB46B32571769000B82085 /* DarkSkyRequest.swift in Sources */ = {isa = PBXBuildFile; fileRef = 52CB46B22571769000B82085 /* DarkSkyRequest.swift */; };
		52CB46F02571839F00B82085 /* ForecastEndpoint.swift in Sources */ = {isa = PBXBuildFile; fileRef = 52CB46EF2571839F00B82085 /* ForecastEndpoint.swift */; };
		52CB46F9257183CD00B82085 /* ForecastResponse.swift in Sources */ = {isa = PBXBuildFile; fileRef = 52CB46F8257183CD00B82085 /* ForecastResponse.swift */; };
		52CB4701257183ED00B82085 /* DarkSkyApiKey.swift in Sources */ = {isa = PBXBuildFile; fileRef = 52CB4700257183ED00B82085 /* DarkSkyApiKey.swift */; };
		52D6B8022573ED1200C48B2B /* RatingService.swift in Sources */ = {isa = PBXBuildFile; fileRef = 52D6B8012573ED1200C48B2B /* RatingService.swift */; };
		52EF7DFD256BA07C00A06613 /* ForecastStore.swift in Sources */ = {isa = PBXBuildFile; fileRef = 52EF7DFC256BA07C00A06613 /* ForecastStore.swift */; };
		52EF7E03256BA32200A06613 /* Forecast.swift in Sources */ = {isa = PBXBuildFile; fileRef = 52EF7E02256BA32200A06613 /* Forecast.swift */; };
		52EF7E1A256BA72100A06613 /* Injectable in Frameworks */ = {isa = PBXBuildFile; productRef = 52EF7E19256BA72100A06613 /* Injectable */; };
		52EF7E1F256BA72F00A06613 /* ForecastService.swift in Sources */ = {isa = PBXBuildFile; fileRef = 52EF7E1E256BA72F00A06613 /* ForecastService.swift */; };
		52EF7E24256BA75B00A06613 /* AppDependency.swift in Sources */ = {isa = PBXBuildFile; fileRef = 52EF7E23256BA75B00A06613 /* AppDependency.swift */; };
		52EF7E37256BBDA800A06613 /* CurrentlyWeatherComponent.swift in Sources */ = {isa = PBXBuildFile; fileRef = 52EF7E36256BBDA800A06613 /* CurrentlyWeatherComponent.swift */; };
		52EF7E3F256BBDF400A06613 /* WeatherIconComponent.swift in Sources */ = {isa = PBXBuildFile; fileRef = 52EF7E3E256BBDF400A06613 /* WeatherIconComponent.swift */; };
		52F7DA092573E2C500B8142C /* HourlyForecastWidget.swift in Sources */ = {isa = PBXBuildFile; fileRef = 52F7DA052573E2BE00B8142C /* HourlyForecastWidget.swift */; };
		52F7DA132573E33000B8142C /* HourlyForecastWidgetMediumView.swift in Sources */ = {isa = PBXBuildFile; fileRef = 52F7DA0F2573E32C00B8142C /* HourlyForecastWidgetMediumView.swift */; };
		52F7DA182573E3AC00B8142C /* HourlyWeatherComponent.swift in Sources */ = {isa = PBXBuildFile; fileRef = 52C5D4D4256BD5510088B72B /* HourlyWeatherComponent.swift */; };
		52F7DA1F2573E7A100B8142C /* HourlyForecastWidgetView.swift in Sources */ = {isa = PBXBuildFile; fileRef = 52F7DA1B2573E78300B8142C /* HourlyForecastWidgetView.swift */; };
/* End PBXBuildFile section */

/* Begin PBXContainerItemProxy section */
		529F38E72573C28F00AC2849 /* PBXContainerItemProxy */ = {
			isa = PBXContainerItemProxy;
			containerPortal = 5247DDB7256AFB3000FD1EF9 /* Project object */;
			proxyType = 1;
			remoteGlobalIDString = 529F38DA2573C28D00AC2849;
			remoteInfo = WidgetExtension;
		};
/* End PBXContainerItemProxy section */

/* Begin PBXCopyFilesBuildPhase section */
		529F38EA2573C28F00AC2849 /* Embed App Extensions */ = {
			isa = PBXCopyFilesBuildPhase;
			buildActionMask = 2147483647;
			dstPath = "";
			dstSubfolderSpec = 13;
			files = (
				529F38E92573C28F00AC2849 /* WidgetExtension.appex in Embed App Extensions */,
			);
			name = "Embed App Extensions";
			runOnlyForDeploymentPostprocessing = 0;
		};
/* End PBXCopyFilesBuildPhase section */

/* Begin PBXFileReference section */
		523C01FF2573F4B800632A5A /* UIApplication+CurrentScene.swift */ = {isa = PBXFileReference; lastKnownFileType = sourcecode.swift; path = "UIApplication+CurrentScene.swift"; sourceTree = "<group>"; };
		523C02032573F4F900632A5A /* RatingStore.swift */ = {isa = PBXFileReference; lastKnownFileType = sourcecode.swift; path = RatingStore.swift; sourceTree = "<group>"; };
		523C02072573F98700632A5A /* SettingsPrivacyPolicyView.swift */ = {isa = PBXFileReference; lastKnownFileType = sourcecode.swift; path = SettingsPrivacyPolicyView.swift; sourceTree = "<group>"; };
		523C020B2573FF3F00632A5A /* SettingsTermsAndConditionsView.swift */ = {isa = PBXFileReference; lastKnownFileType = sourcecode.swift; path = SettingsTermsAndConditionsView.swift; sourceTree = "<group>"; };
		5244EC8B2576324E00B7ED4B /* GoogleService-Info.plist */ = {isa = PBXFileReference; fileEncoding = 4; lastKnownFileType = text.plist.xml; path = "GoogleService-Info.plist"; sourceTree = "<group>"; };
		5244EC98257634A100B7ED4B /* AppDelegateForFirebase.swift */ = {isa = PBXFileReference; lastKnownFileType = sourcecode.swift; path = AppDelegateForFirebase.swift; sourceTree = "<group>"; };
		5247DDBF256AFB3000FD1EF9 /* SimpleWeather.app */ = {isa = PBXFileReference; explicitFileType = wrapper.application; includeInIndex = 0; path = SimpleWeather.app; sourceTree = BUILT_PRODUCTS_DIR; };
		5247DDC2256AFB3000FD1EF9 /* SimpleWeatherApp.swift */ = {isa = PBXFileReference; lastKnownFileType = sourcecode.swift; path = SimpleWeatherApp.swift; sourceTree = "<group>"; };
		5247DDC4256AFB3000FD1EF9 /* ForecastView.swift */ = {isa = PBXFileReference; lastKnownFileType = sourcecode.swift; path = ForecastView.swift; sourceTree = "<group>"; };
		5247DDC6256AFB3100FD1EF9 /* Assets.xcassets */ = {isa = PBXFileReference; lastKnownFileType = folder.assetcatalog; path = Assets.xcassets; sourceTree = "<group>"; };
		5247DDC9256AFB3200FD1EF9 /* Preview Assets.xcassets */ = {isa = PBXFileReference; lastKnownFileType = folder.assetcatalog; path = "Preview Assets.xcassets"; sourceTree = "<group>"; };
		5247DDCB256AFB3200FD1EF9 /* Info.plist */ = {isa = PBXFileReference; lastKnownFileType = text.plist.xml; path = Info.plist; sourceTree = "<group>"; };
		524E8EDB2572EA9A002A1D6C /* LocationStore.swift */ = {isa = PBXFileReference; lastKnownFileType = sourcecode.swift; path = LocationStore.swift; sourceTree = "<group>"; };
		524E8EE22572F0E0002A1D6C /* LocationDisabledComponent.swift */ = {isa = PBXFileReference; lastKnownFileType = sourcecode.swift; path = LocationDisabledComponent.swift; sourceTree = "<group>"; };
		524E8EE62572F8D7002A1D6C /* SettingsView.swift */ = {isa = PBXFileReference; lastKnownFileType = sourcecode.swift; path = SettingsView.swift; sourceTree = "<group>"; };
		524E8EE92572FC4E002A1D6C /* SettingsUnitView.swift */ = {isa = PBXFileReference; lastKnownFileType = sourcecode.swift; path = SettingsUnitView.swift; sourceTree = "<group>"; };
		5270B9CA2576858800ADDF74 /* AppAnalyticsScreenView.swift */ = {isa = PBXFileReference; lastKnownFileType = sourcecode.swift; path = AppAnalyticsScreenView.swift; sourceTree = "<group>"; };
		527EF34D257678DC00FD45C1 /* AnalyticsService.swift */ = {isa = PBXFileReference; lastKnownFileType = sourcecode.swift; path = AnalyticsService.swift; sourceTree = "<group>"; };
		527EF3512576792600FD45C1 /* AppAnalyticsEvent.swift */ = {isa = PBXFileReference; lastKnownFileType = sourcecode.swift; path = AppAnalyticsEvent.swift; sourceTree = "<group>"; };
		529F38B12573B14200AC2849 /* AppError.swift */ = {isa = PBXFileReference; lastKnownFileType = sourcecode.swift; path = AppError.swift; sourceTree = "<group>"; };
		529F38B72573BA4300AC2849 /* SettingsStore.swift */ = {isa = PBXFileReference; lastKnownFileType = sourcecode.swift; path = SettingsStore.swift; sourceTree = "<group>"; };
		529F38BA2573BABC00AC2849 /* Unit.swift */ = {isa = PBXFileReference; lastKnownFileType = sourcecode.swift; path = Unit.swift; sourceTree = "<group>"; };
		529F38DB2573C28D00AC2849 /* WidgetExtension.appex */ = {isa = PBXFileReference; explicitFileType = "wrapper.app-extension"; includeInIndex = 0; path = WidgetExtension.appex; sourceTree = BUILT_PRODUCTS_DIR; };
		529F38DD2573C28D00AC2849 /* WidgetKit.framework */ = {isa = PBXFileReference; lastKnownFileType = wrapper.framework; name = WidgetKit.framework; path = System/Library/Frameworks/WidgetKit.framework; sourceTree = SDKROOT; };
		529F38DF2573C28D00AC2849 /* SwiftUI.framework */ = {isa = PBXFileReference; lastKnownFileType = wrapper.framework; name = SwiftUI.framework; path = System/Library/Frameworks/SwiftUI.framework; sourceTree = SDKROOT; };
		529F38E22573C28D00AC2849 /* SimpleWeatherWidget.swift */ = {isa = PBXFileReference; lastKnownFileType = sourcecode.swift; path = SimpleWeatherWidget.swift; sourceTree = "<group>"; };
		529F38E42573C28F00AC2849 /* Assets.xcassets */ = {isa = PBXFileReference; lastKnownFileType = folder.assetcatalog; path = Assets.xcassets; sourceTree = "<group>"; };
		529F38E62573C28F00AC2849 /* Info.plist */ = {isa = PBXFileReference; lastKnownFileType = text.plist.xml; path = Info.plist; sourceTree = "<group>"; };
		529F38F32573C2E200AC2849 /* WidgetExtension.entitlements */ = {isa = PBXFileReference; lastKnownFileType = text.plist.entitlements; path = WidgetExtension.entitlements; sourceTree = "<group>"; };
		529F38FB2573C37E00AC2849 /* WidgetNotAvailableView.swift */ = {isa = PBXFileReference; lastKnownFileType = sourcecode.swift; path = WidgetNotAvailableView.swift; sourceTree = "<group>"; };
		529F39052573C44B00AC2849 /* ForecastWidgetEntry.swift */ = {isa = PBXFileReference; lastKnownFileType = sourcecode.swift; path = ForecastWidgetEntry.swift; sourceTree = "<group>"; };
		529F390D2573C48500AC2849 /* ForecastWidgetTimelineProvider.swift */ = {isa = PBXFileReference; lastKnownFileType = sourcecode.swift; path = ForecastWidgetTimelineProvider.swift; sourceTree = "<group>"; };
		529F39122573C4D100AC2849 /* CurrentlyForecastWidgetSmallView.swift */ = {isa = PBXFileReference; lastKnownFileType = sourcecode.swift; path = CurrentlyForecastWidgetSmallView.swift; sourceTree = "<group>"; };
		529F39182573C5DB00AC2849 /* CurrentlyForecastWidgetView.swift */ = {isa = PBXFileReference; lastKnownFileType = sourcecode.swift; path = CurrentlyForecastWidgetView.swift; sourceTree = "<group>"; };
		529F391C2573C63B00AC2849 /* CurrentlyForecastWidget.swift */ = {isa = PBXFileReference; lastKnownFileType = sourcecode.swift; path = CurrentlyForecastWidget.swift; sourceTree = "<group>"; };
		52A21B9025729B3D00A55552 /* LocationService.swift */ = {isa = PBXFileReference; lastKnownFileType = sourcecode.swift; path = LocationService.swift; sourceTree = "<group>"; };
		52A21B9525729DFD00A55552 /* UserDefaultsService.swift */ = {isa = PBXFileReference; lastKnownFileType = sourcecode.swift; path = UserDefaultsService.swift; sourceTree = "<group>"; };
		52A21B982572A75B00A55552 /* SimpleWeather.entitlements */ = {isa = PBXFileReference; lastKnownFileType = text.plist.entitlements; path = SimpleWeather.entitlements; sourceTree = "<group>"; };
		52A21B9B2572AD2400A55552 /* TabBarView.swift */ = {isa = PBXFileReference; lastKnownFileType = sourcecode.swift; path = TabBarView.swift; sourceTree = "<group>"; };
		52A21B9E2572AD6D00A55552 /* MainView.swift */ = {isa = PBXFileReference; lastKnownFileType = sourcecode.swift; path = MainView.swift; sourceTree = "<group>"; };
		52A21BA12572AD7600A55552 /* SideBarView.swift */ = {isa = PBXFileReference; lastKnownFileType = sourcecode.swift; path = SideBarView.swift; sourceTree = "<group>"; };
		52B6259B256E4D1E00CDBBDA /* String+FirstLetterCapitalized.swift */ = {isa = PBXFileReference; lastKnownFileType = sourcecode.swift; path = "String+FirstLetterCapitalized.swift"; sourceTree = "<group>"; };
		52C5D4D4256BD5510088B72B /* HourlyWeatherComponent.swift */ = {isa = PBXFileReference; lastKnownFileType = sourcecode.swift; path = HourlyWeatherComponent.swift; sourceTree = "<group>"; };
		52C5D4DD256BD5F20088B72B /* Date+Format.swift */ = {isa = PBXFileReference; lastKnownFileType = sourcecode.swift; path = "Date+Format.swift"; sourceTree = "<group>"; };
		52C5D4E5256BD61E0088B72B /* Locale+Language.swift */ = {isa = PBXFileReference; lastKnownFileType = sourcecode.swift; path = "Locale+Language.swift"; sourceTree = "<group>"; };
		52C5D50D256BE5620088B72B /* DailyWeatherComponent.swift */ = {isa = PBXFileReference; lastKnownFileType = sourcecode.swift; path = DailyWeatherComponent.swift; sourceTree = "<group>"; };
		52CB4694257174D000B82085 /* APIEndpoint.swift */ = {isa = PBXFileReference; lastKnownFileType = sourcecode.swift; path = APIEndpoint.swift; sourceTree = "<group>"; };
		52CB4699257174EF00B82085 /* Request.swift */ = {isa = PBXFileReference; lastKnownFileType = sourcecode.swift; path = Request.swift; sourceTree = "<group>"; };
		52CB469E2571751100B82085 /* BaseRequest.swift */ = {isa = PBXFileReference; lastKnownFileType = sourcecode.swift; path = BaseRequest.swift; sourceTree = "<group>"; };
		52CB46A32571759A00B82085 /* Reachability.swift */ = {isa = PBXFileReference; lastKnownFileType = sourcecode.swift; path = Reachability.swift; sourceTree = "<group>"; };
		52CB46A8257175D200B82085 /* ApiRequester.swift */ = {isa = PBXFileReference; lastKnownFileType = sourcecode.swift; path = ApiRequester.swift; sourceTree = "<group>"; };
		52CB46AD2571762B00B82085 /* Publisher+RetryAfter.swift */ = {isa = PBXFileReference; lastKnownFileType = sourcecode.swift; path = "Publisher+RetryAfter.swift"; sourceTree = "<group>"; };
		52CB46B22571769000B82085 /* DarkSkyRequest.swift */ = {isa = PBXFileReference; lastKnownFileType = sourcecode.swift; path = DarkSkyRequest.swift; sourceTree = "<group>"; };
		52CB46EF2571839F00B82085 /* ForecastEndpoint.swift */ = {isa = PBXFileReference; lastKnownFileType = sourcecode.swift; path = ForecastEndpoint.swift; sourceTree = "<group>"; };
		52CB46F8257183CD00B82085 /* ForecastResponse.swift */ = {isa = PBXFileReference; lastKnownFileType = sourcecode.swift; path = ForecastResponse.swift; sourceTree = "<group>"; };
		52CB4700257183ED00B82085 /* DarkSkyApiKey.swift */ = {isa = PBXFileReference; lastKnownFileType = sourcecode.swift; path = DarkSkyApiKey.swift; sourceTree = "<group>"; };
		52D6B8012573ED1200C48B2B /* RatingService.swift */ = {isa = PBXFileReference; lastKnownFileType = sourcecode.swift; path = RatingService.swift; sourceTree = "<group>"; };
		52EF7DFC256BA07C00A06613 /* ForecastStore.swift */ = {isa = PBXFileReference; lastKnownFileType = sourcecode.swift; path = ForecastStore.swift; sourceTree = "<group>"; };
		52EF7E02256BA32200A06613 /* Forecast.swift */ = {isa = PBXFileReference; lastKnownFileType = sourcecode.swift; path = Forecast.swift; sourceTree = "<group>"; };
		52EF7E1E256BA72F00A06613 /* ForecastService.swift */ = {isa = PBXFileReference; lastKnownFileType = sourcecode.swift; path = ForecastService.swift; sourceTree = "<group>"; };
		52EF7E23256BA75B00A06613 /* AppDependency.swift */ = {isa = PBXFileReference; lastKnownFileType = sourcecode.swift; path = AppDependency.swift; sourceTree = "<group>"; };
		52EF7E36256BBDA800A06613 /* CurrentlyWeatherComponent.swift */ = {isa = PBXFileReference; lastKnownFileType = sourcecode.swift; path = CurrentlyWeatherComponent.swift; sourceTree = "<group>"; };
		52EF7E3E256BBDF400A06613 /* WeatherIconComponent.swift */ = {isa = PBXFileReference; lastKnownFileType = sourcecode.swift; path = WeatherIconComponent.swift; sourceTree = "<group>"; };
		52F7DA052573E2BE00B8142C /* HourlyForecastWidget.swift */ = {isa = PBXFileReference; lastKnownFileType = sourcecode.swift; path = HourlyForecastWidget.swift; sourceTree = "<group>"; };
		52F7DA0F2573E32C00B8142C /* HourlyForecastWidgetMediumView.swift */ = {isa = PBXFileReference; lastKnownFileType = sourcecode.swift; path = HourlyForecastWidgetMediumView.swift; sourceTree = "<group>"; };
		52F7DA1B2573E78300B8142C /* HourlyForecastWidgetView.swift */ = {isa = PBXFileReference; lastKnownFileType = sourcecode.swift; path = HourlyForecastWidgetView.swift; sourceTree = "<group>"; };
/* End PBXFileReference section */

/* Begin PBXFrameworksBuildPhase section */
		5247DDBC256AFB3000FD1EF9 /* Frameworks */ = {
			isa = PBXFrameworksBuildPhase;
			buildActionMask = 2147483647;
			files = (
				5244EC932576334200B7ED4B /* FirebaseCrashlytics in Frameworks */,
				5244EC912576334200B7ED4B /* FirebaseAnalytics in Frameworks */,
				52EF7E1A256BA72100A06613 /* Injectable in Frameworks */,
			);
			runOnlyForDeploymentPostprocessing = 0;
		};
		529F38D82573C28D00AC2849 /* Frameworks */ = {
			isa = PBXFrameworksBuildPhase;
			buildActionMask = 2147483647;
			files = (
				529F38E02573C28D00AC2849 /* SwiftUI.framework in Frameworks */,
				529F39632573C8F400AC2849 /* Injectable in Frameworks */,
				529F38DE2573C28D00AC2849 /* WidgetKit.framework in Frameworks */,
			);
			runOnlyForDeploymentPostprocessing = 0;
		};
/* End PBXFrameworksBuildPhase section */

/* Begin PBXGroup section */
		52097DC825705534005EE4EE /* Core */ = {
			isa = PBXGroup;
			children = (
				52097DC92570557C005EE4EE /* Network */,
			);
			path = Core;
			sourceTree = "<group>";
		};
		52097DC92570557C005EE4EE /* Network */ = {
			isa = PBXGroup;
			children = (
				52CB4694257174D000B82085 /* APIEndpoint.swift */,
				52CB4699257174EF00B82085 /* Request.swift */,
				52CB469E2571751100B82085 /* BaseRequest.swift */,
				52CB46B22571769000B82085 /* DarkSkyRequest.swift */,
				52CB46A32571759A00B82085 /* Reachability.swift */,
				52CB46A8257175D200B82085 /* ApiRequester.swift */,
			);
			path = Network;
			sourceTree = "<group>";
		};
		5247DDB6256AFB3000FD1EF9 = {
			isa = PBXGroup;
			children = (
				529F38F32573C2E200AC2849 /* WidgetExtension.entitlements */,
				52A21B982572A75B00A55552 /* SimpleWeather.entitlements */,
				5247DDC1256AFB3000FD1EF9 /* SimpleWeather */,
				529F38E12573C28D00AC2849 /* Widget */,
				529F38DC2573C28D00AC2849 /* Frameworks */,
				5247DDC0256AFB3000FD1EF9 /* Products */,
			);
			sourceTree = "<group>";
		};
		5247DDC0256AFB3000FD1EF9 /* Products */ = {
			isa = PBXGroup;
			children = (
				5247DDBF256AFB3000FD1EF9 /* SimpleWeather.app */,
				529F38DB2573C28D00AC2849 /* WidgetExtension.appex */,
			);
			name = Products;
			sourceTree = "<group>";
		};
		5247DDC1256AFB3000FD1EF9 /* SimpleWeather */ = {
			isa = PBXGroup;
			children = (
				5247DDC2256AFB3000FD1EF9 /* SimpleWeatherApp.swift */,
				52EF7E23256BA75B00A06613 /* AppDependency.swift */,
				5244EC98257634A100B7ED4B /* AppDelegateForFirebase.swift */,
				52097DC825705534005EE4EE /* Core */,
				529F38B02573B12800AC2849 /* Util */,
				52C5D4DC256BD5BD0088B72B /* Extension */,
				52EF7E01256BA22300A06613 /* Entity */,
				52EF7E17256BA6F100A06613 /* Service */,
				52EF7DFB256BA03400A06613 /* Store */,
				52EF7E34256BBD6800A06613 /* Component */,
				52EF7DF2256B9E9D00A06613 /* View */,
				52EF7DEE256B9E7600A06613 /* Resource */,
			);
			path = SimpleWeather;
			sourceTree = "<group>";
		};
		5247DDC8256AFB3200FD1EF9 /* Preview Content */ = {
			isa = PBXGroup;
			children = (
				5247DDC9256AFB3200FD1EF9 /* Preview Assets.xcassets */,
			);
			path = "Preview Content";
			sourceTree = "<group>";
		};
		524E8EE52572F8C2002A1D6C /* Settings */ = {
			isa = PBXGroup;
			children = (
				524E8EE62572F8D7002A1D6C /* SettingsView.swift */,
				524E8EE92572FC4E002A1D6C /* SettingsUnitView.swift */,
				523C02072573F98700632A5A /* SettingsPrivacyPolicyView.swift */,
				523C020B2573FF3F00632A5A /* SettingsTermsAndConditionsView.swift */,
			);
			path = Settings;
			sourceTree = "<group>";
		};
		527EF34C257678B000FD45C1 /* Analytics */ = {
			isa = PBXGroup;
			children = (
				527EF34D257678DC00FD45C1 /* AnalyticsService.swift */,
				527EF3512576792600FD45C1 /* AppAnalyticsEvent.swift */,
				5270B9CA2576858800ADDF74 /* AppAnalyticsScreenView.swift */,
			);
			path = Analytics;
			sourceTree = "<group>";
		};
		529F38B02573B12800AC2849 /* Util */ = {
			isa = PBXGroup;
			children = (
				529F38B12573B14200AC2849 /* AppError.swift */,
			);
			path = Util;
			sourceTree = "<group>";
		};
		529F38DC2573C28D00AC2849 /* Frameworks */ = {
			isa = PBXGroup;
			children = (
				529F38DD2573C28D00AC2849 /* WidgetKit.framework */,
				529F38DF2573C28D00AC2849 /* SwiftUI.framework */,
			);
			name = Frameworks;
			sourceTree = "<group>";
		};
		529F38E12573C28D00AC2849 /* Widget */ = {
			isa = PBXGroup;
			children = (
				529F38FF2573C3FA00AC2849 /* Widget */,
				529F38FA2573C36A00AC2849 /* View */,
				529F38F02573C2CF00AC2849 /* Resource */,
			);
			path = Widget;
			sourceTree = "<group>";
		};
		529F38F02573C2CF00AC2849 /* Resource */ = {
			isa = PBXGroup;
			children = (
				529F38E42573C28F00AC2849 /* Assets.xcassets */,
				529F38E62573C28F00AC2849 /* Info.plist */,
			);
			path = Resource;
			sourceTree = "<group>";
		};
		529F38FA2573C36A00AC2849 /* View */ = {
			isa = PBXGroup;
			children = (
				529F38FB2573C37E00AC2849 /* WidgetNotAvailableView.swift */,
			);
			path = View;
			sourceTree = "<group>";
		};
		529F38FF2573C3FA00AC2849 /* Widget */ = {
			isa = PBXGroup;
			children = (
				529F38E22573C28D00AC2849 /* SimpleWeatherWidget.swift */,
				529F39052573C44B00AC2849 /* ForecastWidgetEntry.swift */,
				529F390D2573C48500AC2849 /* ForecastWidgetTimelineProvider.swift */,
				529F39042573C41C00AC2849 /* CurrentlyForecast */,
				52F7DA022573E22100B8142C /* HourlyForecast */,
			);
			path = Widget;
			sourceTree = "<group>";
		};
		529F39042573C41C00AC2849 /* CurrentlyForecast */ = {
			isa = PBXGroup;
			children = (
				529F39112573C4C100AC2849 /* View */,
				529F391C2573C63B00AC2849 /* CurrentlyForecastWidget.swift */,
			);
			path = CurrentlyForecast;
			sourceTree = "<group>";
		};
		529F39112573C4C100AC2849 /* View */ = {
			isa = PBXGroup;
			children = (
				529F39122573C4D100AC2849 /* CurrentlyForecastWidgetSmallView.swift */,
				529F39182573C5DB00AC2849 /* CurrentlyForecastWidgetView.swift */,
			);
			path = View;
			sourceTree = "<group>";
		};
		52A21B8E25729A5500A55552 /* Forecast */ = {
			isa = PBXGroup;
			children = (
				52CB46F7257183B900B82085 /* Response */,
				52CB46EE2571838000B82085 /* Endpoint */,
				52EF7E1E256BA72F00A06613 /* ForecastService.swift */,
				52CB4700257183ED00B82085 /* DarkSkyApiKey.swift */,
			);
			path = Forecast;
			sourceTree = "<group>";
		};
		52A21B8F25729A6200A55552 /* Location */ = {
			isa = PBXGroup;
			children = (
				52A21B9025729B3D00A55552 /* LocationService.swift */,
			);
			path = Location;
			sourceTree = "<group>";
		};
		52A21B9425729DDC00A55552 /* UserDefaults */ = {
			isa = PBXGroup;
			children = (
				52A21B9525729DFD00A55552 /* UserDefaultsService.swift */,
			);
			path = UserDefaults;
			sourceTree = "<group>";
		};
		52A21B9A2572AD0700A55552 /* Main */ = {
			isa = PBXGroup;
			children = (
				52A21B9E2572AD6D00A55552 /* MainView.swift */,
				52A21B9B2572AD2400A55552 /* TabBarView.swift */,
				52A21BA12572AD7600A55552 /* SideBarView.swift */,
			);
			path = Main;
			sourceTree = "<group>";
		};
		52C5D4DC256BD5BD0088B72B /* Extension */ = {
			isa = PBXGroup;
			children = (
				52C5D4DD256BD5F20088B72B /* Date+Format.swift */,
				52C5D4E5256BD61E0088B72B /* Locale+Language.swift */,
				52B6259B256E4D1E00CDBBDA /* String+FirstLetterCapitalized.swift */,
				52CB46AD2571762B00B82085 /* Publisher+RetryAfter.swift */,
				523C01FF2573F4B800632A5A /* UIApplication+CurrentScene.swift */,
			);
			path = Extension;
			sourceTree = "<group>";
		};
		52CB46EE2571838000B82085 /* Endpoint */ = {
			isa = PBXGroup;
			children = (
				52CB46EF2571839F00B82085 /* ForecastEndpoint.swift */,
			);
			path = Endpoint;
			sourceTree = "<group>";
		};
		52CB46F7257183B900B82085 /* Response */ = {
			isa = PBXGroup;
			children = (
				52CB46F8257183CD00B82085 /* ForecastResponse.swift */,
			);
			path = Response;
			sourceTree = "<group>";
		};
		52D6B8002573ED0200C48B2B /* Rating */ = {
			isa = PBXGroup;
			children = (
				52D6B8012573ED1200C48B2B /* RatingService.swift */,
			);
			path = Rating;
			sourceTree = "<group>";
		};
		52EF7DEE256B9E7600A06613 /* Resource */ = {
			isa = PBXGroup;
			children = (
				5244EC8B2576324E00B7ED4B /* GoogleService-Info.plist */,
				5247DDC6256AFB3100FD1EF9 /* Assets.xcassets */,
				5247DDCB256AFB3200FD1EF9 /* Info.plist */,
				5247DDC8256AFB3200FD1EF9 /* Preview Content */,
			);
			path = Resource;
			sourceTree = "<group>";
		};
		52EF7DF2256B9E9D00A06613 /* View */ = {
			isa = PBXGroup;
			children = (
				52A21B9A2572AD0700A55552 /* Main */,
				52EF7DF3256B9EB700A06613 /* Forecast */,
				524E8EE52572F8C2002A1D6C /* Settings */,
			);
			path = View;
			sourceTree = "<group>";
		};
		52EF7DF3256B9EB700A06613 /* Forecast */ = {
			isa = PBXGroup;
			children = (
				5247DDC4256AFB3000FD1EF9 /* ForecastView.swift */,
			);
			path = Forecast;
			sourceTree = "<group>";
		};
		52EF7DFB256BA03400A06613 /* Store */ = {
			isa = PBXGroup;
			children = (
				52EF7DFC256BA07C00A06613 /* ForecastStore.swift */,
				524E8EDB2572EA9A002A1D6C /* LocationStore.swift */,
				529F38B72573BA4300AC2849 /* SettingsStore.swift */,
				523C02032573F4F900632A5A /* RatingStore.swift */,
			);
			path = Store;
			sourceTree = "<group>";
		};
		52EF7E01256BA22300A06613 /* Entity */ = {
			isa = PBXGroup;
			children = (
				52EF7E02256BA32200A06613 /* Forecast.swift */,
				529F38BA2573BABC00AC2849 /* Unit.swift */,
			);
			path = Entity;
			sourceTree = "<group>";
		};
		52EF7E17256BA6F100A06613 /* Service */ = {
			isa = PBXGroup;
			children = (
				527EF34C257678B000FD45C1 /* Analytics */,
				52D6B8002573ED0200C48B2B /* Rating */,
				52A21B9425729DDC00A55552 /* UserDefaults */,
				52A21B8F25729A6200A55552 /* Location */,
				52A21B8E25729A5500A55552 /* Forecast */,
			);
			path = Service;
			sourceTree = "<group>";
		};
		52EF7E34256BBD6800A06613 /* Component */ = {
			isa = PBXGroup;
			children = (
				52EF7E35256BBD7000A06613 /* Weather */,
				524E8EE22572F0E0002A1D6C /* LocationDisabledComponent.swift */,
			);
			path = Component;
			sourceTree = "<group>";
		};
		52EF7E35256BBD7000A06613 /* Weather */ = {
			isa = PBXGroup;
			children = (
				52EF7E36256BBDA800A06613 /* CurrentlyWeatherComponent.swift */,
				52C5D4D4256BD5510088B72B /* HourlyWeatherComponent.swift */,
				52C5D50D256BE5620088B72B /* DailyWeatherComponent.swift */,
				52EF7E3E256BBDF400A06613 /* WeatherIconComponent.swift */,
			);
			path = Weather;
			sourceTree = "<group>";
		};
		52F7DA022573E22100B8142C /* HourlyForecast */ = {
			isa = PBXGroup;
			children = (
				52F7DA0E2573E31400B8142C /* View */,
				52F7DA052573E2BE00B8142C /* HourlyForecastWidget.swift */,
			);
			path = HourlyForecast;
			sourceTree = "<group>";
		};
		52F7DA0E2573E31400B8142C /* View */ = {
			isa = PBXGroup;
			children = (
				52F7DA0F2573E32C00B8142C /* HourlyForecastWidgetMediumView.swift */,
				52F7DA1B2573E78300B8142C /* HourlyForecastWidgetView.swift */,
			);
			path = View;
			sourceTree = "<group>";
		};
/* End PBXGroup section */

/* Begin PBXNativeTarget section */
		5247DDBE256AFB3000FD1EF9 /* SimpleWeather */ = {
			isa = PBXNativeTarget;
			buildConfigurationList = 5247DDE4256AFB3200FD1EF9 /* Build configuration list for PBXNativeTarget "SimpleWeather" */;
			buildPhases = (
				5247DDBB256AFB3000FD1EF9 /* Sources */,
				5247DDBC256AFB3000FD1EF9 /* Frameworks */,
				5247DDBD256AFB3000FD1EF9 /* Resources */,
				52EF7DF7256B9F6A00A06613 /* SwiftLint */,
				529F38EA2573C28F00AC2849 /* Embed App Extensions */,
				5244ECA02576394000B7ED4B /* Crashlytics */,
			);
			buildRules = (
			);
			dependencies = (
				529F38E82573C28F00AC2849 /* PBXTargetDependency */,
			);
			name = SimpleWeather;
			packageProductDependencies = (
				52EF7E19256BA72100A06613 /* Injectable */,
				5244EC902576334200B7ED4B /* FirebaseAnalytics */,
				5244EC922576334200B7ED4B /* FirebaseCrashlytics */,
			);
			productName = SimpleWeather;
			productReference = 5247DDBF256AFB3000FD1EF9 /* SimpleWeather.app */;
			productType = "com.apple.product-type.application";
		};
		529F38DA2573C28D00AC2849 /* WidgetExtension */ = {
			isa = PBXNativeTarget;
			buildConfigurationList = 529F38ED2573C28F00AC2849 /* Build configuration list for PBXNativeTarget "WidgetExtension" */;
			buildPhases = (
				529F38D72573C28D00AC2849 /* Sources */,
				529F38D82573C28D00AC2849 /* Frameworks */,
				529F38D92573C28D00AC2849 /* Resources */,
			);
			buildRules = (
			);
			dependencies = (
			);
			name = WidgetExtension;
			packageProductDependencies = (
				529F39622573C8F400AC2849 /* Injectable */,
			);
			productName = WidgetExtension;
			productReference = 529F38DB2573C28D00AC2849 /* WidgetExtension.appex */;
			productType = "com.apple.product-type.app-extension";
		};
/* End PBXNativeTarget section */

/* Begin PBXProject section */
		5247DDB7256AFB3000FD1EF9 /* Project object */ = {
			isa = PBXProject;
			attributes = {
				LastSwiftUpdateCheck = 1220;
				LastUpgradeCheck = 1220;
				TargetAttributes = {
					5247DDBE256AFB3000FD1EF9 = {
						CreatedOnToolsVersion = 12.2;
					};
					529F38DA2573C28D00AC2849 = {
						CreatedOnToolsVersion = 12.2;
					};
				};
			};
			buildConfigurationList = 5247DDBA256AFB3000FD1EF9 /* Build configuration list for PBXProject "SimpleWeather" */;
			compatibilityVersion = "Xcode 9.3";
			developmentRegion = en;
			hasScannedForEncodings = 0;
			knownRegions = (
				en,
				Base,
			);
			mainGroup = 5247DDB6256AFB3000FD1EF9;
			packageReferences = (
				52EF7E18256BA72100A06613 /* XCRemoteSwiftPackageReference "Injectable" */,
				5244EC8F2576334200B7ED4B /* XCRemoteSwiftPackageReference "firebase-ios-sdk" */,
			);
			productRefGroup = 5247DDC0256AFB3000FD1EF9 /* Products */;
			projectDirPath = "";
			projectRoot = "";
			targets = (
				5247DDBE256AFB3000FD1EF9 /* SimpleWeather */,
				529F38DA2573C28D00AC2849 /* WidgetExtension */,
			);
		};
/* End PBXProject section */

/* Begin PBXResourcesBuildPhase section */
		5247DDBD256AFB3000FD1EF9 /* Resources */ = {
			isa = PBXResourcesBuildPhase;
			buildActionMask = 2147483647;
			files = (
				5247DDCA256AFB3200FD1EF9 /* Preview Assets.xcassets in Resources */,
				5247DDC7256AFB3100FD1EF9 /* Assets.xcassets in Resources */,
				5244EC8C2576324E00B7ED4B /* GoogleService-Info.plist in Resources */,
			);
			runOnlyForDeploymentPostprocessing = 0;
		};
		529F38D92573C28D00AC2849 /* Resources */ = {
			isa = PBXResourcesBuildPhase;
			buildActionMask = 2147483647;
			files = (
				529F38E52573C28F00AC2849 /* Assets.xcassets in Resources */,
			);
			runOnlyForDeploymentPostprocessing = 0;
		};
/* End PBXResourcesBuildPhase section */

/* Begin PBXShellScriptBuildPhase section */
		5244ECA02576394000B7ED4B /* Crashlytics */ = {
			isa = PBXShellScriptBuildPhase;
			buildActionMask = 2147483647;
			files = (
			);
			inputFileListPaths = (
			);
			inputPaths = (
				"${DWARF_DSYM_FOLDER_PATH}/${DWARF_DSYM_FILE_NAME}/Contents/Resources/DWARF/${TARGET_NAME}",
				"${BUILT_PRODUCTS_DIR}/${INFOPLIST_PATH}",
			);
			name = Crashlytics;
			outputFileListPaths = (
			);
			outputPaths = (
			);
			runOnlyForDeploymentPostprocessing = 0;
			shellPath = /bin/sh;
			shellScript = "\"${PROJECT_DIR}/Scripts/run\"\n";
		};
		52EF7DF7256B9F6A00A06613 /* SwiftLint */ = {
			isa = PBXShellScriptBuildPhase;
			buildActionMask = 2147483647;
			files = (
			);
			inputFileListPaths = (
			);
			inputPaths = (
			);
			name = SwiftLint;
			outputFileListPaths = (
			);
			outputPaths = (
			);
			runOnlyForDeploymentPostprocessing = 0;
			shellPath = /bin/sh;
			shellScript = "if which swiftlint >/dev/null; then\n  swiftlint --config .swiftlint.yml\nelse\n  echo \"warning: SwiftLint not installed, download from https://github.com/realm/SwiftLint\"\nfi\n";
		};
/* End PBXShellScriptBuildPhase section */

/* Begin PBXSourcesBuildPhase section */
		5247DDBB256AFB3000FD1EF9 /* Sources */ = {
			isa = PBXSourcesBuildPhase;
			buildActionMask = 2147483647;
			files = (
				52CB469F2571751100B82085 /* BaseRequest.swift in Sources */,
				52CB46B32571769000B82085 /* DarkSkyRequest.swift in Sources */,
				52A21B9C2572AD2400A55552 /* TabBarView.swift in Sources */,
				52C5D4D5256BD5510088B72B /* HourlyWeatherComponent.swift in Sources */,
				5244EC99257634A100B7ED4B /* AppDelegateForFirebase.swift in Sources */,
				52EF7E24256BA75B00A06613 /* AppDependency.swift in Sources */,
				52A21BA22572AD7600A55552 /* SideBarView.swift in Sources */,
				5270B9CB2576858800ADDF74 /* AppAnalyticsScreenView.swift in Sources */,
				524E8EDC2572EA9A002A1D6C /* LocationStore.swift in Sources */,
				52EF7E3F256BBDF400A06613 /* WeatherIconComponent.swift in Sources */,
				529F38B82573BA4300AC2849 /* SettingsStore.swift in Sources */,
				529F38B22573B14200AC2849 /* AppError.swift in Sources */,
				529F38BB2573BABC00AC2849 /* Unit.swift in Sources */,
				52EF7E03256BA32200A06613 /* Forecast.swift in Sources */,
				52CB46A9257175D200B82085 /* ApiRequester.swift in Sources */,
				52A21B9625729DFD00A55552 /* UserDefaultsService.swift in Sources */,
				523C02042573F4F900632A5A /* RatingStore.swift in Sources */,
				52CB46F9257183CD00B82085 /* ForecastResponse.swift in Sources */,
				52CB46AE2571762B00B82085 /* Publisher+RetryAfter.swift in Sources */,
				52EF7E37256BBDA800A06613 /* CurrentlyWeatherComponent.swift in Sources */,
				52A21B9125729B3D00A55552 /* LocationService.swift in Sources */,
				52CB46A42571759A00B82085 /* Reachability.swift in Sources */,
				524E8EE32572F0E0002A1D6C /* LocationDisabledComponent.swift in Sources */,
				52C5D4E6256BD61E0088B72B /* Locale+Language.swift in Sources */,
				5247DDC5256AFB3000FD1EF9 /* ForecastView.swift in Sources */,
				523C020C2573FF3F00632A5A /* SettingsTermsAndConditionsView.swift in Sources */,
				52CB469A257174EF00B82085 /* Request.swift in Sources */,
				527EF34E257678DC00FD45C1 /* AnalyticsService.swift in Sources */,
				527EF3522576792600FD45C1 /* AppAnalyticsEvent.swift in Sources */,
				52CB4695257174D000B82085 /* APIEndpoint.swift in Sources */,
				52D6B8022573ED1200C48B2B /* RatingService.swift in Sources */,
				52C5D4DE256BD5F20088B72B /* Date+Format.swift in Sources */,
				52A21B9F2572AD6D00A55552 /* MainView.swift in Sources */,
				523C02002573F4B800632A5A /* UIApplication+CurrentScene.swift in Sources */,
				52C5D50E256BE5620088B72B /* DailyWeatherComponent.swift in Sources */,
				5247DDC3256AFB3000FD1EF9 /* SimpleWeatherApp.swift in Sources */,
				52CB46F02571839F00B82085 /* ForecastEndpoint.swift in Sources */,
				52B6259C256E4D1E00CDBBDA /* String+FirstLetterCapitalized.swift in Sources */,
				52CB4701257183ED00B82085 /* DarkSkyApiKey.swift in Sources */,
				523C02082573F98700632A5A /* SettingsPrivacyPolicyView.swift in Sources */,
				52EF7E1F256BA72F00A06613 /* ForecastService.swift in Sources */,
				524E8EEA2572FC4E002A1D6C /* SettingsUnitView.swift in Sources */,
				524E8EE72572F8D7002A1D6C /* SettingsView.swift in Sources */,
				52EF7DFD256BA07C00A06613 /* ForecastStore.swift in Sources */,
			);
			runOnlyForDeploymentPostprocessing = 0;
		};
		529F38D72573C28D00AC2849 /* Sources */ = {
			isa = PBXSourcesBuildPhase;
			buildActionMask = 2147483647;
			files = (
				529F39222573C64200AC2849 /* CurrentlyForecastWidgetSmallView.swift in Sources */,
				529F39442573C72600AC2849 /* DarkSkyRequest.swift in Sources */,
				529F39422573C72600AC2849 /* APIEndpoint.swift in Sources */,
				529F392B2573C64600AC2849 /* WidgetNotAvailableView.swift in Sources */,
				52F7DA1F2573E7A100B8142C /* HourlyForecastWidgetView.swift in Sources */,
				529F38E32573C28D00AC2849 /* SimpleWeatherWidget.swift in Sources */,
				529F39212573C64200AC2849 /* ForecastWidgetEntry.swift in Sources */,
				529F393F2573C72600AC2849 /* BaseRequest.swift in Sources */,
				52F7DA092573E2C500B8142C /* HourlyForecastWidget.swift in Sources */,
				529F39412573C72600AC2849 /* Reachability.swift in Sources */,
				52F7DA182573E3AC00B8142C /* HourlyWeatherComponent.swift in Sources */,
				529F393B2573C71E00AC2849 /* ForecastEndpoint.swift in Sources */,
				529F39402573C72600AC2849 /* ApiRequester.swift in Sources */,
				529F39202573C64200AC2849 /* CurrentlyForecastWidget.swift in Sources */,
				529F39232573C64200AC2849 /* CurrentlyForecastWidgetView.swift in Sources */,
				529F39692573D01600AC2849 /* WeatherIconComponent.swift in Sources */,
				529F39432573C72600AC2849 /* Request.swift in Sources */,
				529F39662573CFD000AC2849 /* CurrentlyWeatherComponent.swift in Sources */,
				529F394E2573C73E00AC2849 /* Publisher+RetryAfter.swift in Sources */,
				52F7DA132573E33000B8142C /* HourlyForecastWidgetMediumView.swift in Sources */,
				529F394B2573C73B00AC2849 /* Locale+Language.swift in Sources */,
				529F39372573C71B00AC2849 /* ForecastResponse.swift in Sources */,
				529F39312573C71400AC2849 /* UserDefaultsService.swift in Sources */,
				529F39472573C72F00AC2849 /* Forecast.swift in Sources */,
				529F39482573C72F00AC2849 /* Unit.swift in Sources */,
				529F39512573C74900AC2849 /* Date+Format.swift in Sources */,
				529F393A2573C71E00AC2849 /* DarkSkyApiKey.swift in Sources */,
				529F393C2573C71E00AC2849 /* ForecastService.swift in Sources */,
				529F39242573C64200AC2849 /* ForecastWidgetTimelineProvider.swift in Sources */,
			);
			runOnlyForDeploymentPostprocessing = 0;
		};
/* End PBXSourcesBuildPhase section */

/* Begin PBXTargetDependency section */
		529F38E82573C28F00AC2849 /* PBXTargetDependency */ = {
			isa = PBXTargetDependency;
			target = 529F38DA2573C28D00AC2849 /* WidgetExtension */;
			targetProxy = 529F38E72573C28F00AC2849 /* PBXContainerItemProxy */;
		};
/* End PBXTargetDependency section */

/* Begin XCBuildConfiguration section */
		5247DDE2256AFB3200FD1EF9 /* Debug */ = {
			isa = XCBuildConfiguration;
			buildSettings = {
				ALWAYS_SEARCH_USER_PATHS = NO;
				CLANG_ANALYZER_NONNULL = YES;
				CLANG_ANALYZER_NUMBER_OBJECT_CONVERSION = YES_AGGRESSIVE;
				CLANG_CXX_LANGUAGE_STANDARD = "gnu++14";
				CLANG_CXX_LIBRARY = "libc++";
				CLANG_ENABLE_MODULES = YES;
				CLANG_ENABLE_OBJC_ARC = YES;
				CLANG_ENABLE_OBJC_WEAK = YES;
				CLANG_WARN_BLOCK_CAPTURE_AUTORELEASING = YES;
				CLANG_WARN_BOOL_CONVERSION = YES;
				CLANG_WARN_COMMA = YES;
				CLANG_WARN_CONSTANT_CONVERSION = YES;
				CLANG_WARN_DEPRECATED_OBJC_IMPLEMENTATIONS = YES;
				CLANG_WARN_DIRECT_OBJC_ISA_USAGE = YES_ERROR;
				CLANG_WARN_DOCUMENTATION_COMMENTS = YES;
				CLANG_WARN_EMPTY_BODY = YES;
				CLANG_WARN_ENUM_CONVERSION = YES;
				CLANG_WARN_INFINITE_RECURSION = YES;
				CLANG_WARN_INT_CONVERSION = YES;
				CLANG_WARN_NON_LITERAL_NULL_CONVERSION = YES;
				CLANG_WARN_OBJC_IMPLICIT_RETAIN_SELF = YES;
				CLANG_WARN_OBJC_LITERAL_CONVERSION = YES;
				CLANG_WARN_OBJC_ROOT_CLASS = YES_ERROR;
				CLANG_WARN_QUOTED_INCLUDE_IN_FRAMEWORK_HEADER = YES;
				CLANG_WARN_RANGE_LOOP_ANALYSIS = YES;
				CLANG_WARN_STRICT_PROTOTYPES = YES;
				CLANG_WARN_SUSPICIOUS_MOVE = YES;
				CLANG_WARN_UNGUARDED_AVAILABILITY = YES_AGGRESSIVE;
				CLANG_WARN_UNREACHABLE_CODE = YES;
				CLANG_WARN__DUPLICATE_METHOD_MATCH = YES;
				COPY_PHASE_STRIP = NO;
				DEBUG_INFORMATION_FORMAT = dwarf;
				ENABLE_STRICT_OBJC_MSGSEND = YES;
				ENABLE_TESTABILITY = YES;
				GCC_C_LANGUAGE_STANDARD = gnu11;
				GCC_DYNAMIC_NO_PIC = NO;
				GCC_NO_COMMON_BLOCKS = YES;
				GCC_OPTIMIZATION_LEVEL = 0;
				GCC_PREPROCESSOR_DEFINITIONS = (
					"DEBUG=1",
					"$(inherited)",
				);
				GCC_WARN_64_TO_32_BIT_CONVERSION = YES;
				GCC_WARN_ABOUT_RETURN_TYPE = YES_ERROR;
				GCC_WARN_UNDECLARED_SELECTOR = YES;
				GCC_WARN_UNINITIALIZED_AUTOS = YES_AGGRESSIVE;
				GCC_WARN_UNUSED_FUNCTION = YES;
				GCC_WARN_UNUSED_VARIABLE = YES;
				IPHONEOS_DEPLOYMENT_TARGET = 14.2;
				MTL_ENABLE_DEBUG_INFO = INCLUDE_SOURCE;
				MTL_FAST_MATH = YES;
				ONLY_ACTIVE_ARCH = YES;
				SDKROOT = iphoneos;
				SWIFT_ACTIVE_COMPILATION_CONDITIONS = DEBUG;
				SWIFT_OPTIMIZATION_LEVEL = "-Onone";
			};
			name = Debug;
		};
		5247DDE3256AFB3200FD1EF9 /* Release */ = {
			isa = XCBuildConfiguration;
			buildSettings = {
				ALWAYS_SEARCH_USER_PATHS = NO;
				CLANG_ANALYZER_NONNULL = YES;
				CLANG_ANALYZER_NUMBER_OBJECT_CONVERSION = YES_AGGRESSIVE;
				CLANG_CXX_LANGUAGE_STANDARD = "gnu++14";
				CLANG_CXX_LIBRARY = "libc++";
				CLANG_ENABLE_MODULES = YES;
				CLANG_ENABLE_OBJC_ARC = YES;
				CLANG_ENABLE_OBJC_WEAK = YES;
				CLANG_WARN_BLOCK_CAPTURE_AUTORELEASING = YES;
				CLANG_WARN_BOOL_CONVERSION = YES;
				CLANG_WARN_COMMA = YES;
				CLANG_WARN_CONSTANT_CONVERSION = YES;
				CLANG_WARN_DEPRECATED_OBJC_IMPLEMENTATIONS = YES;
				CLANG_WARN_DIRECT_OBJC_ISA_USAGE = YES_ERROR;
				CLANG_WARN_DOCUMENTATION_COMMENTS = YES;
				CLANG_WARN_EMPTY_BODY = YES;
				CLANG_WARN_ENUM_CONVERSION = YES;
				CLANG_WARN_INFINITE_RECURSION = YES;
				CLANG_WARN_INT_CONVERSION = YES;
				CLANG_WARN_NON_LITERAL_NULL_CONVERSION = YES;
				CLANG_WARN_OBJC_IMPLICIT_RETAIN_SELF = YES;
				CLANG_WARN_OBJC_LITERAL_CONVERSION = YES;
				CLANG_WARN_OBJC_ROOT_CLASS = YES_ERROR;
				CLANG_WARN_QUOTED_INCLUDE_IN_FRAMEWORK_HEADER = YES;
				CLANG_WARN_RANGE_LOOP_ANALYSIS = YES;
				CLANG_WARN_STRICT_PROTOTYPES = YES;
				CLANG_WARN_SUSPICIOUS_MOVE = YES;
				CLANG_WARN_UNGUARDED_AVAILABILITY = YES_AGGRESSIVE;
				CLANG_WARN_UNREACHABLE_CODE = YES;
				CLANG_WARN__DUPLICATE_METHOD_MATCH = YES;
				COPY_PHASE_STRIP = NO;
				DEBUG_INFORMATION_FORMAT = "dwarf-with-dsym";
				ENABLE_NS_ASSERTIONS = NO;
				ENABLE_STRICT_OBJC_MSGSEND = YES;
				GCC_C_LANGUAGE_STANDARD = gnu11;
				GCC_NO_COMMON_BLOCKS = YES;
				GCC_WARN_64_TO_32_BIT_CONVERSION = YES;
				GCC_WARN_ABOUT_RETURN_TYPE = YES_ERROR;
				GCC_WARN_UNDECLARED_SELECTOR = YES;
				GCC_WARN_UNINITIALIZED_AUTOS = YES_AGGRESSIVE;
				GCC_WARN_UNUSED_FUNCTION = YES;
				GCC_WARN_UNUSED_VARIABLE = YES;
				IPHONEOS_DEPLOYMENT_TARGET = 14.2;
				MTL_ENABLE_DEBUG_INFO = NO;
				MTL_FAST_MATH = YES;
				SDKROOT = iphoneos;
				SWIFT_COMPILATION_MODE = wholemodule;
				SWIFT_OPTIMIZATION_LEVEL = "-O";
				VALIDATE_PRODUCT = YES;
			};
			name = Release;
		};
		5247DDE5256AFB3200FD1EF9 /* Debug */ = {
			isa = XCBuildConfiguration;
			buildSettings = {
				ALWAYS_EMBED_SWIFT_STANDARD_LIBRARIES = YES;
				ASSETCATALOG_COMPILER_APPICON_NAME = AppIcon;
				ASSETCATALOG_COMPILER_GLOBAL_ACCENT_COLOR_NAME = AccentColor;
				CODE_SIGN_ENTITLEMENTS = SimpleWeather.entitlements;
				CODE_SIGN_STYLE = Automatic;
				DEBUG_INFORMATION_FORMAT = "dwarf-with-dsym";
				DEVELOPMENT_ASSET_PATHS = "\"SimpleWeather/Resource/Preview Content\"";
				DEVELOPMENT_TEAM = D27NXEG753;
				ENABLE_PREVIEWS = YES;
				INFOPLIST_FILE = SimpleWeather/Resource/Info.plist;
				IPHONEOS_DEPLOYMENT_TARGET = 14.0;
				LD_RUNPATH_SEARCH_PATHS = (
					"$(inherited)",
					"@executable_path/Frameworks",
				);
				OTHER_LDFLAGS = "-ObjC";
				PRODUCT_BUNDLE_IDENTIFIER = "maxime.maheo.simple-weather";
				PRODUCT_NAME = "$(TARGET_NAME)";
				SWIFT_VERSION = 5.0;
				TARGETED_DEVICE_FAMILY = "1,2";
			};
			name = Debug;
		};
		5247DDE6256AFB3200FD1EF9 /* Release */ = {
			isa = XCBuildConfiguration;
			buildSettings = {
				ALWAYS_EMBED_SWIFT_STANDARD_LIBRARIES = YES;
				ASSETCATALOG_COMPILER_APPICON_NAME = AppIcon;
				ASSETCATALOG_COMPILER_GLOBAL_ACCENT_COLOR_NAME = AccentColor;
				CODE_SIGN_ENTITLEMENTS = SimpleWeather.entitlements;
				CODE_SIGN_STYLE = Automatic;
				DEVELOPMENT_ASSET_PATHS = "\"SimpleWeather/Resource/Preview Content\"";
				DEVELOPMENT_TEAM = D27NXEG753;
				ENABLE_PREVIEWS = YES;
				INFOPLIST_FILE = SimpleWeather/Resource/Info.plist;
				IPHONEOS_DEPLOYMENT_TARGET = 14.0;
				LD_RUNPATH_SEARCH_PATHS = (
					"$(inherited)",
					"@executable_path/Frameworks",
				);
				OTHER_LDFLAGS = "-ObjC";
				PRODUCT_BUNDLE_IDENTIFIER = "maxime.maheo.simple-weather";
				PRODUCT_NAME = "$(TARGET_NAME)";
				SWIFT_VERSION = 5.0;
				TARGETED_DEVICE_FAMILY = "1,2";
			};
			name = Release;
		};
		529F38EB2573C28F00AC2849 /* Debug */ = {
			isa = XCBuildConfiguration;
			buildSettings = {
				ASSETCATALOG_COMPILER_GLOBAL_ACCENT_COLOR_NAME = AccentColor;
				ASSETCATALOG_COMPILER_WIDGET_BACKGROUND_COLOR_NAME = WidgetBackground;
				CODE_SIGN_ENTITLEMENTS = WidgetExtension.entitlements;
				CODE_SIGN_STYLE = Automatic;
				DEVELOPMENT_TEAM = D27NXEG753;
				INFOPLIST_FILE = Widget/Resource/Info.plist;
				LD_RUNPATH_SEARCH_PATHS = (
					"$(inherited)",
					"@executable_path/Frameworks",
					"@executable_path/../../Frameworks",
				);
				PRODUCT_BUNDLE_IDENTIFIER = "maxime.maheo.simple-weather.Widget";
				PRODUCT_NAME = "$(TARGET_NAME)";
				SKIP_INSTALL = YES;
				SWIFT_VERSION = 5.0;
				TARGETED_DEVICE_FAMILY = "1,2";
			};
			name = Debug;
		};
		529F38EC2573C28F00AC2849 /* Release */ = {
			isa = XCBuildConfiguration;
			buildSettings = {
				ASSETCATALOG_COMPILER_GLOBAL_ACCENT_COLOR_NAME = AccentColor;
				ASSETCATALOG_COMPILER_WIDGET_BACKGROUND_COLOR_NAME = WidgetBackground;
				CODE_SIGN_ENTITLEMENTS = WidgetExtension.entitlements;
				CODE_SIGN_STYLE = Automatic;
				DEVELOPMENT_TEAM = D27NXEG753;
				INFOPLIST_FILE = Widget/Resource/Info.plist;
				LD_RUNPATH_SEARCH_PATHS = (
					"$(inherited)",
					"@executable_path/Frameworks",
					"@executable_path/../../Frameworks",
				);
				PRODUCT_BUNDLE_IDENTIFIER = "maxime.maheo.simple-weather.Widget";
				PRODUCT_NAME = "$(TARGET_NAME)";
				SKIP_INSTALL = YES;
				SWIFT_VERSION = 5.0;
				TARGETED_DEVICE_FAMILY = "1,2";
			};
			name = Release;
		};
/* End XCBuildConfiguration section */

/* Begin XCConfigurationList section */
		5247DDBA256AFB3000FD1EF9 /* Build configuration list for PBXProject "SimpleWeather" */ = {
			isa = XCConfigurationList;
			buildConfigurations = (
				5247DDE2256AFB3200FD1EF9 /* Debug */,
				5247DDE3256AFB3200FD1EF9 /* Release */,
			);
			defaultConfigurationIsVisible = 0;
			defaultConfigurationName = Release;
		};
		5247DDE4256AFB3200FD1EF9 /* Build configuration list for PBXNativeTarget "SimpleWeather" */ = {
			isa = XCConfigurationList;
			buildConfigurations = (
				5247DDE5256AFB3200FD1EF9 /* Debug */,
				5247DDE6256AFB3200FD1EF9 /* Release */,
			);
			defaultConfigurationIsVisible = 0;
			defaultConfigurationName = Release;
		};
		529F38ED2573C28F00AC2849 /* Build configuration list for PBXNativeTarget "WidgetExtension" */ = {
			isa = XCConfigurationList;
			buildConfigurations = (
				529F38EB2573C28F00AC2849 /* Debug */,
				529F38EC2573C28F00AC2849 /* Release */,
			);
			defaultConfigurationIsVisible = 0;
			defaultConfigurationName = Release;
		};
/* End XCConfigurationList section */

/* Begin XCRemoteSwiftPackageReference section */
		5244EC8F2576334200B7ED4B /* XCRemoteSwiftPackageReference "firebase-ios-sdk" */ = {
			isa = XCRemoteSwiftPackageReference;
			repositoryURL = "https://github.com/firebase/firebase-ios-sdk.git";
			requirement = {
				kind = upToNextMajorVersion;
				minimumVersion = 7.1.0;
			};
		};
		52EF7E18256BA72100A06613 /* XCRemoteSwiftPackageReference "Injectable" */ = {
			isa = XCRemoteSwiftPackageReference;
			repositoryURL = "https://github.com/mmaheo/Injectable.git";
			requirement = {
				kind = upToNextMajorVersion;
				minimumVersion = 1.0.0;
			};
		};
/* End XCRemoteSwiftPackageReference section */

/* Begin XCSwiftPackageProductDependency section */
		5244EC902576334200B7ED4B /* FirebaseAnalytics */ = {
			isa = XCSwiftPackageProductDependency;
			package = 5244EC8F2576334200B7ED4B /* XCRemoteSwiftPackageReference "firebase-ios-sdk" */;
			productName = FirebaseAnalytics;
		};
		5244EC922576334200B7ED4B /* FirebaseCrashlytics */ = {
			isa = XCSwiftPackageProductDependency;
			package = 5244EC8F2576334200B7ED4B /* XCRemoteSwiftPackageReference "firebase-ios-sdk" */;
			productName = FirebaseCrashlytics;
		};
		529F39622573C8F400AC2849 /* Injectable */ = {
			isa = XCSwiftPackageProductDependency;
			package = 52EF7E18256BA72100A06613 /* XCRemoteSwiftPackageReference "Injectable" */;
			productName = Injectable;
		};
		52EF7E19256BA72100A06613 /* Injectable */ = {
			isa = XCSwiftPackageProductDependency;
			package = 52EF7E18256BA72100A06613 /* XCRemoteSwiftPackageReference "Injectable" */;
			productName = Injectable;
		};
/* End XCSwiftPackageProductDependency section */
	};
	rootObject = 5247DDB7256AFB3000FD1EF9 /* Project object */;
}
